// !$*UTF8*$!
{
	archiveVersion = 1;
	classes = {
	};
	objectVersion = 46;
	objects = {

/* Begin PBXBuildFile section */
		1A49F13619DB84E900408602 /* PointAnnotationPreservation.swift in Sources */ = {isa = PBXBuildFile; fileRef = 1A49F13519DB84E900408602 /* PointAnnotationPreservation.swift */; };
		1AC7A0A8198873F300975B9B /* AppDelegate.swift in Sources */ = {isa = PBXBuildFile; fileRef = 1AC7A0A7198873F300975B9B /* AppDelegate.swift */; };
		1AC7A0AA198873F300975B9B /* ViewController.swift in Sources */ = {isa = PBXBuildFile; fileRef = 1AC7A0A9198873F300975B9B /* ViewController.swift */; };
		1AC7A0AD198873F300975B9B /* Main.storyboard in Resources */ = {isa = PBXBuildFile; fileRef = 1AC7A0AB198873F300975B9B /* Main.storyboard */; };
		1AC7A0AF198873F300975B9B /* Images.xcassets in Resources */ = {isa = PBXBuildFile; fileRef = 1AC7A0AE198873F300975B9B /* Images.xcassets */; };
		1AC7A0BB198873F300975B9B /* PigeonTests.swift in Sources */ = {isa = PBXBuildFile; fileRef = 1AC7A0BA198873F300975B9B /* PigeonTests.swift */; };
		1AC7A0C7198894DE00975B9B /* OptionsViewController.swift in Sources */ = {isa = PBXBuildFile; fileRef = 1AC7A0C6198894DE00975B9B /* OptionsViewController.swift */; };
/* End PBXBuildFile section */

/* Begin PBXContainerItemProxy section */
		1AC7A0B5198873F300975B9B /* PBXContainerItemProxy */ = {
			isa = PBXContainerItemProxy;
			containerPortal = 1AC7A09A198873F300975B9B /* Project object */;
			proxyType = 1;
			remoteGlobalIDString = 1AC7A0A1198873F300975B9B;
			remoteInfo = Pigeon;
		};
/* End PBXContainerItemProxy section */

/* Begin PBXFileReference section */
		1A49F13519DB84E900408602 /* PointAnnotationPreservation.swift */ = {isa = PBXFileReference; fileEncoding = 4; lastKnownFileType = sourcecode.swift; path = PointAnnotationPreservation.swift; sourceTree = "<group>"; };
		1A4B8BD319DC6E9000F6649A /* Pigeon.entitlements */ = {isa = PBXFileReference; lastKnownFileType = text.xml; path = Pigeon.entitlements; sourceTree = "<group>"; };
		1AC7A0A2198873F300975B9B /* Pigeon.app */ = {isa = PBXFileReference; explicitFileType = wrapper.application; includeInIndex = 0; path = Pigeon.app; sourceTree = BUILT_PRODUCTS_DIR; };
		1AC7A0A6198873F300975B9B /* Info.plist */ = {isa = PBXFileReference; lastKnownFileType = text.plist.xml; path = Info.plist; sourceTree = "<group>"; };
		1AC7A0A7198873F300975B9B /* AppDelegate.swift */ = {isa = PBXFileReference; lastKnownFileType = sourcecode.swift; path = AppDelegate.swift; sourceTree = "<group>"; };
		1AC7A0A9198873F300975B9B /* ViewController.swift */ = {isa = PBXFileReference; lastKnownFileType = sourcecode.swift; path = ViewController.swift; sourceTree = "<group>"; };
		1AC7A0AC198873F300975B9B /* Base */ = {isa = PBXFileReference; lastKnownFileType = file.storyboard; name = Base; path = Base.lproj/Main.storyboard; sourceTree = "<group>"; };
		1AC7A0AE198873F300975B9B /* Images.xcassets */ = {isa = PBXFileReference; lastKnownFileType = folder.assetcatalog; path = Images.xcassets; sourceTree = "<group>"; };
		1AC7A0B4198873F300975B9B /* PigeonTests.xctest */ = {isa = PBXFileReference; explicitFileType = wrapper.cfbundle; includeInIndex = 0; path = PigeonTests.xctest; sourceTree = BUILT_PRODUCTS_DIR; };
		1AC7A0B9198873F300975B9B /* Info.plist */ = {isa = PBXFileReference; lastKnownFileType = text.plist.xml; path = Info.plist; sourceTree = "<group>"; };
		1AC7A0BA198873F300975B9B /* PigeonTests.swift */ = {isa = PBXFileReference; lastKnownFileType = sourcecode.swift; path = PigeonTests.swift; sourceTree = "<group>"; };
		1AC7A0C6198894DE00975B9B /* OptionsViewController.swift */ = {isa = PBXFileReference; fileEncoding = 4; lastKnownFileType = sourcecode.swift; path = OptionsViewController.swift; sourceTree = "<group>"; };
/* End PBXFileReference section */

/* Begin PBXFrameworksBuildPhase section */
		1AC7A09F198873F300975B9B /* Frameworks */ = {
			isa = PBXFrameworksBuildPhase;
			buildActionMask = 2147483647;
			files = (
			);
			runOnlyForDeploymentPostprocessing = 0;
		};
		1AC7A0B1198873F300975B9B /* Frameworks */ = {
			isa = PBXFrameworksBuildPhase;
			buildActionMask = 2147483647;
			files = (
			);
			runOnlyForDeploymentPostprocessing = 0;
		};
/* End PBXFrameworksBuildPhase section */

/* Begin PBXGroup section */
		1AC7A099198873F300975B9B = {
			isa = PBXGroup;
			children = (
				1AC7A0A4198873F300975B9B /* Pigeon */,
				1AC7A0B7198873F300975B9B /* PigeonTests */,
				1AC7A0A3198873F300975B9B /* Products */,
			);
			sourceTree = "<group>";
		};
		1AC7A0A3198873F300975B9B /* Products */ = {
			isa = PBXGroup;
			children = (
				1AC7A0A2198873F300975B9B /* Pigeon.app */,
				1AC7A0B4198873F300975B9B /* PigeonTests.xctest */,
			);
			name = Products;
			sourceTree = "<group>";
		};
		1AC7A0A4198873F300975B9B /* Pigeon */ = {
			isa = PBXGroup;
			children = (
				1A4B8BD319DC6E9000F6649A /* Pigeon.entitlements */,
				1AC7A0A7198873F300975B9B /* AppDelegate.swift */,
				1AC7A0A9198873F300975B9B /* ViewController.swift */,
				1A49F13519DB84E900408602 /* PointAnnotationPreservation.swift */,
				1AC7A0C6198894DE00975B9B /* OptionsViewController.swift */,
				1AC7A0AB198873F300975B9B /* Main.storyboard */,
				1AC7A0AE198873F300975B9B /* Images.xcassets */,
				1AC7A0A5198873F300975B9B /* Supporting Files */,
			);
			path = Pigeon;
			sourceTree = "<group>";
		};
		1AC7A0A5198873F300975B9B /* Supporting Files */ = {
			isa = PBXGroup;
			children = (
				1AC7A0A6198873F300975B9B /* Info.plist */,
			);
			name = "Supporting Files";
			sourceTree = "<group>";
		};
		1AC7A0B7198873F300975B9B /* PigeonTests */ = {
			isa = PBXGroup;
			children = (
				1AC7A0BA198873F300975B9B /* PigeonTests.swift */,
				1AC7A0B8198873F300975B9B /* Supporting Files */,
			);
			path = PigeonTests;
			sourceTree = "<group>";
		};
		1AC7A0B8198873F300975B9B /* Supporting Files */ = {
			isa = PBXGroup;
			children = (
				1AC7A0B9198873F300975B9B /* Info.plist */,
			);
			name = "Supporting Files";
			sourceTree = "<group>";
		};
/* End PBXGroup section */

/* Begin PBXNativeTarget section */
		1AC7A0A1198873F300975B9B /* Pigeon */ = {
			isa = PBXNativeTarget;
			buildConfigurationList = 1AC7A0BE198873F300975B9B /* Build configuration list for PBXNativeTarget "Pigeon" */;
			buildPhases = (
				1AC7A09E198873F300975B9B /* Sources */,
				1AC7A09F198873F300975B9B /* Frameworks */,
				1AC7A0A0198873F300975B9B /* Resources */,
			);
			buildRules = (
			);
			dependencies = (
			);
			name = Pigeon;
			productName = Pigeon;
			productReference = 1AC7A0A2198873F300975B9B /* Pigeon.app */;
			productType = "com.apple.product-type.application";
		};
		1AC7A0B3198873F300975B9B /* PigeonTests */ = {
			isa = PBXNativeTarget;
			buildConfigurationList = 1AC7A0C1198873F300975B9B /* Build configuration list for PBXNativeTarget "PigeonTests" */;
			buildPhases = (
				1AC7A0B0198873F300975B9B /* Sources */,
				1AC7A0B1198873F300975B9B /* Frameworks */,
				1AC7A0B2198873F300975B9B /* Resources */,
			);
			buildRules = (
			);
			dependencies = (
				1AC7A0B6198873F300975B9B /* PBXTargetDependency */,
			);
			name = PigeonTests;
			productName = PigeonTests;
			productReference = 1AC7A0B4198873F300975B9B /* PigeonTests.xctest */;
			productType = "com.apple.product-type.bundle.unit-test";
		};
/* End PBXNativeTarget section */

/* Begin PBXProject section */
		1AC7A09A198873F300975B9B /* Project object */ = {
			isa = PBXProject;
			attributes = {
				LastUpgradeCheck = 0600;
				ORGANIZATIONNAME = Apress;
				TargetAttributes = {
					1AC7A0A1198873F300975B9B = {
						CreatedOnToolsVersion = 6.0;
						DevelopmentTeam = W5U957H54U;
						SystemCapabilities = {
							com.apple.iCloud = {
								enabled = 1;
							};
						};
					};
					1AC7A0B3198873F300975B9B = {
						CreatedOnToolsVersion = 6.0;
						TestTargetID = 1AC7A0A1198873F300975B9B;
					};
				};
			};
			buildConfigurationList = 1AC7A09D198873F300975B9B /* Build configuration list for PBXProject "Pigeon" */;
			compatibilityVersion = "Xcode 3.2";
			developmentRegion = English;
			hasScannedForEncodings = 0;
			knownRegions = (
				en,
				Base,
			);
			mainGroup = 1AC7A099198873F300975B9B;
			productRefGroup = 1AC7A0A3198873F300975B9B /* Products */;
			projectDirPath = "";
			projectRoot = "";
			targets = (
				1AC7A0A1198873F300975B9B /* Pigeon */,
				1AC7A0B3198873F300975B9B /* PigeonTests */,
			);
		};
/* End PBXProject section */

/* Begin PBXResourcesBuildPhase section */
		1AC7A0A0198873F300975B9B /* Resources */ = {
			isa = PBXResourcesBuildPhase;
			buildActionMask = 2147483647;
			files = (
				1AC7A0AD198873F300975B9B /* Main.storyboard in Resources */,
				1AC7A0AF198873F300975B9B /* Images.xcassets in Resources */,
			);
			runOnlyForDeploymentPostprocessing = 0;
		};
		1AC7A0B2198873F300975B9B /* Resources */ = {
			isa = PBXResourcesBuildPhase;
			buildActionMask = 2147483647;
			files = (
			);
			runOnlyForDeploymentPostprocessing = 0;
		};
/* End PBXResourcesBuildPhase section */

/* Begin PBXSourcesBuildPhase section */
		1AC7A09E198873F300975B9B /* Sources */ = {
			isa = PBXSourcesBuildPhase;
			buildActionMask = 2147483647;
			files = (
				1AC7A0AA198873F300975B9B /* ViewController.swift in Sources */,
				1A49F13619DB84E900408602 /* PointAnnotationPreservation.swift in Sources */,
				1AC7A0C7198894DE00975B9B /* OptionsViewController.swift in Sources */,
				1AC7A0A8198873F300975B9B /* AppDelegate.swift in Sources */,
			);
			runOnlyForDeploymentPostprocessing = 0;
		};
		1AC7A0B0198873F300975B9B /* Sources */ = {
			isa = PBXSourcesBuildPhase;
			buildActionMask = 2147483647;
			files = (
				1AC7A0BB198873F300975B9B /* PigeonTests.swift in Sources */,
			);
			runOnlyForDeploymentPostprocessing = 0;
		};
/* End PBXSourcesBuildPhase section */

/* Begin PBXTargetDependency section */
		1AC7A0B6198873F300975B9B /* PBXTargetDependency */ = {
			isa = PBXTargetDependency;
			target = 1AC7A0A1198873F300975B9B /* Pigeon */;
			targetProxy = 1AC7A0B5198873F300975B9B /* PBXContainerItemProxy */;
		};
/* End PBXTargetDependency section */

/* Begin PBXVariantGroup section */
		1AC7A0AB198873F300975B9B /* Main.storyboard */ = {
			isa = PBXVariantGroup;
			children = (
				1AC7A0AC198873F300975B9B /* Base */,
			);
			name = Main.storyboard;
			sourceTree = "<group>";
		};
/* End PBXVariantGroup section */

/* Begin XCBuildConfiguration section */
		1AC7A0BC198873F300975B9B /* Debug */ = {
			isa = XCBuildConfiguration;
			buildSettings = {
				ALWAYS_SEARCH_USER_PATHS = NO;
				CLANG_CXX_LANGUAGE_STANDARD = "gnu++0x";
				CLANG_CXX_LIBRARY = "libc++";
				CLANG_ENABLE_MODULES = YES;
				CLANG_ENABLE_OBJC_ARC = YES;
				CLANG_WARN_BOOL_CONVERSION = YES;
				CLANG_WARN_CONSTANT_CONVERSION = YES;
				CLANG_WARN_DIRECT_OBJC_ISA_USAGE = YES_ERROR;
				CLANG_WARN_EMPTY_BODY = YES;
				CLANG_WARN_ENUM_CONVERSION = YES;
				CLANG_WARN_INT_CONVERSION = YES;
				CLANG_WARN_OBJC_ROOT_CLASS = YES_ERROR;
				CLANG_WARN_UNREACHABLE_CODE = YES;
				CLANG_WARN__DUPLICATE_METHOD_MATCH = YES;
				"CODE_SIGN_IDENTITY[sdk=iphoneos*]" = "iPhone Developer";
				COPY_PHASE_STRIP = NO;
				ENABLE_STRICT_OBJC_MSGSEND = YES;
				GCC_C_LANGUAGE_STANDARD = gnu99;
				GCC_DYNAMIC_NO_PIC = NO;
				GCC_OPTIMIZATION_LEVEL = 0;
				GCC_PREPROCESSOR_DEFINITIONS = (
					"DEBUG=1",
					"$(inherited)",
				);
				GCC_SYMBOLS_PRIVATE_EXTERN = NO;
				GCC_WARN_64_TO_32_BIT_CONVERSION = YES;
				GCC_WARN_ABOUT_RETURN_TYPE = YES_ERROR;
				GCC_WARN_UNDECLARED_SELECTOR = YES;
				GCC_WARN_UNINITIALIZED_AUTOS = YES_AGGRESSIVE;
				GCC_WARN_UNUSED_FUNCTION = YES;
				GCC_WARN_UNUSED_VARIABLE = YES;
				IPHONEOS_DEPLOYMENT_TARGET = 8.0;
				MTL_ENABLE_DEBUG_INFO = YES;
				ONLY_ACTIVE_ARCH = YES;
				SDKROOT = iphoneos;
				SWIFT_OPTIMIZATION_LEVEL = "-Onone";
				TARGETED_DEVICE_FAMILY = "1,2";
			};
			name = Debug;
		};
		1AC7A0BD198873F300975B9B /* Release */ = {
			isa = XCBuildConfiguration;
			buildSettings = {
				ALWAYS_SEARCH_USER_PATHS = NO;
				CLANG_CXX_LANGUAGE_STANDARD = "gnu++0x";
				CLANG_CXX_LIBRARY = "libc++";
				CLANG_ENABLE_MODULES = YES;
				CLANG_ENABLE_OBJC_ARC = YES;
				CLANG_WARN_BOOL_CONVERSION = YES;
				CLANG_WARN_CONSTANT_CONVERSION = YES;
				CLANG_WARN_DIRECT_OBJC_ISA_USAGE = YES_ERROR;
				CLANG_WARN_EMPTY_BODY = YES;
				CLANG_WARN_ENUM_CONVERSION = YES;
				CLANG_WARN_INT_CONVERSION = YES;
				CLANG_WARN_OBJC_ROOT_CLASS = YES_ERROR;
				CLANG_WARN_UNREACHABLE_CODE = YES;
				CLANG_WARN__DUPLICATE_METHOD_MATCH = YES;
				"CODE_SIGN_IDENTITY[sdk=iphoneos*]" = "iPhone Developer";
				COPY_PHASE_STRIP = YES;
				ENABLE_NS_ASSERTIONS = NO;
				ENABLE_STRICT_OBJC_MSGSEND = YES;
				GCC_C_LANGUAGE_STANDARD = gnu99;
				GCC_WARN_64_TO_32_BIT_CONVERSION = YES;
				GCC_WARN_ABOUT_RETURN_TYPE = YES_ERROR;
				GCC_WARN_UNDECLARED_SELECTOR = YES;
				GCC_WARN_UNINITIALIZED_AUTOS = YES_AGGRESSIVE;
				GCC_WARN_UNUSED_FUNCTION = YES;
				GCC_WARN_UNUSED_VARIABLE = YES;
				IPHONEOS_DEPLOYMENT_TARGET = 8.0;
				MTL_ENABLE_DEBUG_INFO = NO;
				SDKROOT = iphoneos;
				TARGETED_DEVICE_FAMILY = "1,2";
				VALIDATE_PRODUCT = YES;
			};
			name = Release;
		};
		1AC7A0BF198873F300975B9B /* Debug */ = {
			isa = XCBuildConfiguration;
			buildSettings = {
				ASSETCATALOG_COMPILER_APPICON_NAME = AppIcon;
				ASSETCATALOG_COMPILER_LAUNCHIMAGE_NAME = LaunchImage;
				CODE_SIGN_ENTITLEMENTS = Pigeon/Pigeon.entitlements;
				INFOPLIST_FILE = Pigeon/Info.plist;
				LD_RUNPATH_SEARCH_PATHS = "$(inherited) @executable_path/Frameworks";
				PRODUCT_NAME = "$(TARGET_NAME)";
			};
			name = Debug;
		};
		1AC7A0C0198873F300975B9B /* Release */ = {
			isa = XCBuildConfiguration;
			buildSettings = {
				ASSETCATALOG_COMPILER_APPICON_NAME = AppIcon;
				ASSETCATALOG_COMPILER_LAUNCHIMAGE_NAME = LaunchImage;
				CODE_SIGN_ENTITLEMENTS = Pigeon/Pigeon.entitlements;
				INFOPLIST_FILE = Pigeon/Info.plist;
				LD_RUNPATH_SEARCH_PATHS = "$(inherited) @executable_path/Frameworks";
				PRODUCT_NAME = "$(TARGET_NAME)";
			};
			name = Release;
		};
		1AC7A0C2198873F300975B9B /* Debug */ = {
			isa = XCBuildConfiguration;
			buildSettings = {
				BUNDLE_LOADER = "$(BUILT_PRODUCTS_DIR)/Pigeon.app/Pigeon";
				FRAMEWORK_SEARCH_PATHS = (
					"$(SDKROOT)/Developer/Library/Frameworks",
					"$(inherited)",
				);
				GCC_PREPROCESSOR_DEFINITIONS = (
					"DEBUG=1",
					"$(inherited)",
				);
				INFOPLIST_FILE = PigeonTests/Info.plist;
				LD_RUNPATH_SEARCH_PATHS = "$(inherited) @executable_path/Frameworks @loader_path/Frameworks";
				PRODUCT_NAME = "$(TARGET_NAME)";
				TEST_HOST = "$(BUNDLE_LOADER)";
			};
			name = Debug;
		};
		1AC7A0C3198873F300975B9B /* Release */ = {
			isa = XCBuildConfiguration;
			buildSettings = {
				BUNDLE_LOADER = "$(BUILT_PRODUCTS_DIR)/Pigeon.app/Pigeon";
				FRAMEWORK_SEARCH_PATHS = (
					"$(SDKROOT)/Developer/Library/Frameworks",
					"$(inherited)",
				);
				INFOPLIST_FILE = PigeonTests/Info.plist;
				LD_RUNPATH_SEARCH_PATHS = "$(inherited) @executable_path/Frameworks @loader_path/Frameworks";
				PRODUCT_NAME = "$(TARGET_NAME)";
				TEST_HOST = "$(BUNDLE_LOADER)";
			};
			name = Release;
		};
/* End XCBuildConfiguration section */

/* Begin XCConfigurationList section */
		1AC7A09D198873F300975B9B /* Build configuration list for PBXProject "Pigeon" */ = {
			isa = XCConfigurationList;
			buildConfigurations = (
				1AC7A0BC198873F300975B9B /* Debug */,
				1AC7A0BD198873F300975B9B /* Release */,
			);
			defaultConfigurationIsVisible = 0;
			defaultConfigurationName = Release;
		};
		1AC7A0BE198873F300975B9B /* Build configuration list for PBXNativeTarget "Pigeon" */ = {
			isa = XCConfigurationList;
			buildConfigurations = (
				1AC7A0BF198873F300975B9B /* Debug */,
				1AC7A0C0198873F300975B9B /* Release */,
			);
			defaultConfigurationIsVisible = 0;
			defaultConfigurationName = Release;
		};
		1AC7A0C1198873F300975B9B /* Build configuration list for PBXNativeTarget "PigeonTests" */ = {
			isa = XCConfigurationList;
			buildConfigurations = (
				1AC7A0C2198873F300975B9B /* Debug */,
				1AC7A0C3198873F300975B9B /* Release */,
			);
			defaultConfigurationIsVisible = 0;
			defaultConfigurationName = Release;
		};
/* End XCConfigurationList section */
	};
	rootObject = 1AC7A09A198873F300975B9B /* Project object */;
}
