// !$*UTF8*$!
{
	archiveVersion = 1;
	classes = {
	};
	objectVersion = 46;
	objects = {

/* Begin PBXBuildFile section */
		1A6156E419E4AC56004F24A3 /* SquareShape.xib in Resources */ = {isa = PBXBuildFile; fileRef = 1A6156E319E4AC56004F24A3 /* SquareShape.xib */; };
		1A6156E619E4AC80004F24A3 /* ShapeFactory.swift in Sources */ = {isa = PBXBuildFile; fileRef = 1A6156E519E4AC80004F24A3 /* ShapeFactory.swift */; };
		1A770FA019E5D2DD0035C673 /* RectangleShape.xib in Resources */ = {isa = PBXBuildFile; fileRef = 1A770F9F19E5D2DD0035C673 /* RectangleShape.xib */; };
		1AD6379B1979E8D700B1342B /* AppDelegate.swift in Sources */ = {isa = PBXBuildFile; fileRef = 1AD6379A1979E8D700B1342B /* AppDelegate.swift */; };
		1AD6379D1979E8D700B1342B /* ViewController.swift in Sources */ = {isa = PBXBuildFile; fileRef = 1AD6379C1979E8D700B1342B /* ViewController.swift */; };
		1AD637A01979E8D700B1342B /* Main.storyboard in Resources */ = {isa = PBXBuildFile; fileRef = 1AD6379E1979E8D700B1342B /* Main.storyboard */; };
		1AD637A21979E8D700B1342B /* Images.xcassets in Resources */ = {isa = PBXBuildFile; fileRef = 1AD637A11979E8D700B1342B /* Images.xcassets */; };
		1AD637AE1979E8D700B1342B /* ShapelyTests.swift in Sources */ = {isa = PBXBuildFile; fileRef = 1AD637AD1979E8D700B1342B /* ShapelyTests.swift */; };
		1AD637B81979E93300B1342B /* ShapeView.swift in Sources */ = {isa = PBXBuildFile; fileRef = 1AD637B71979E93300B1342B /* ShapeView.swift */; };
/* End PBXBuildFile section */

/* Begin PBXContainerItemProxy section */
		1AD637A81979E8D700B1342B /* PBXContainerItemProxy */ = {
			isa = PBXContainerItemProxy;
			containerPortal = 1AD6378D1979E8D700B1342B /* Project object */;
			proxyType = 1;
			remoteGlobalIDString = 1AD637941979E8D700B1342B;
			remoteInfo = Shapely;
		};
/* End PBXContainerItemProxy section */

/* Begin PBXFileReference section */
		1A6156E319E4AC56004F24A3 /* SquareShape.xib */ = {isa = PBXFileReference; fileEncoding = 4; lastKnownFileType = file.xib; path = SquareShape.xib; sourceTree = "<group>"; };
		1A6156E519E4AC80004F24A3 /* ShapeFactory.swift */ = {isa = PBXFileReference; fileEncoding = 4; lastKnownFileType = sourcecode.swift; path = ShapeFactory.swift; sourceTree = "<group>"; };
		1A770F9F19E5D2DD0035C673 /* RectangleShape.xib */ = {isa = PBXFileReference; fileEncoding = 4; lastKnownFileType = file.xib; path = RectangleShape.xib; sourceTree = "<group>"; };
		1AD637951979E8D700B1342B /* Shapely.app */ = {isa = PBXFileReference; explicitFileType = wrapper.application; includeInIndex = 0; path = Shapely.app; sourceTree = BUILT_PRODUCTS_DIR; };
		1AD637991979E8D700B1342B /* Info.plist */ = {isa = PBXFileReference; lastKnownFileType = text.plist.xml; path = Info.plist; sourceTree = "<group>"; };
		1AD6379A1979E8D700B1342B /* AppDelegate.swift */ = {isa = PBXFileReference; lastKnownFileType = sourcecode.swift; path = AppDelegate.swift; sourceTree = "<group>"; };
		1AD6379C1979E8D700B1342B /* ViewController.swift */ = {isa = PBXFileReference; lastKnownFileType = sourcecode.swift; path = ViewController.swift; sourceTree = "<group>"; };
		1AD6379F1979E8D700B1342B /* Base */ = {isa = PBXFileReference; lastKnownFileType = file.storyboard; name = Base; path = Base.lproj/Main.storyboard; sourceTree = "<group>"; };
		1AD637A11979E8D700B1342B /* Images.xcassets */ = {isa = PBXFileReference; lastKnownFileType = folder.assetcatalog; path = Images.xcassets; sourceTree = "<group>"; };
		1AD637A71979E8D700B1342B /* ShapelyTests.xctest */ = {isa = PBXFileReference; explicitFileType = wrapper.cfbundle; includeInIndex = 0; path = ShapelyTests.xctest; sourceTree = BUILT_PRODUCTS_DIR; };
		1AD637AC1979E8D700B1342B /* Info.plist */ = {isa = PBXFileReference; lastKnownFileType = text.plist.xml; path = Info.plist; sourceTree = "<group>"; };
		1AD637AD1979E8D700B1342B /* ShapelyTests.swift */ = {isa = PBXFileReference; lastKnownFileType = sourcecode.swift; path = ShapelyTests.swift; sourceTree = "<group>"; };
		1AD637B71979E93300B1342B /* ShapeView.swift */ = {isa = PBXFileReference; fileEncoding = 4; lastKnownFileType = sourcecode.swift; path = ShapeView.swift; sourceTree = "<group>"; };
/* End PBXFileReference section */

/* Begin PBXFrameworksBuildPhase section */
		1AD637921979E8D700B1342B /* Frameworks */ = {
			isa = PBXFrameworksBuildPhase;
			buildActionMask = 2147483647;
			files = (
			);
			runOnlyForDeploymentPostprocessing = 0;
		};
		1AD637A41979E8D700B1342B /* Frameworks */ = {
			isa = PBXFrameworksBuildPhase;
			buildActionMask = 2147483647;
			files = (
			);
			runOnlyForDeploymentPostprocessing = 0;
		};
/* End PBXFrameworksBuildPhase section */

/* Begin PBXGroup section */
		1AD6378C1979E8D700B1342B = {
			isa = PBXGroup;
			children = (
				1AD637971979E8D700B1342B /* Shapely */,
				1AD637AA1979E8D700B1342B /* ShapelyTests */,
				1AD637961979E8D700B1342B /* Products */,
			);
			sourceTree = "<group>";
		};
		1AD637961979E8D700B1342B /* Products */ = {
			isa = PBXGroup;
			children = (
				1AD637951979E8D700B1342B /* Shapely.app */,
				1AD637A71979E8D700B1342B /* ShapelyTests.xctest */,
			);
			name = Products;
			sourceTree = "<group>";
		};
		1AD637971979E8D700B1342B /* Shapely */ = {
			isa = PBXGroup;
			children = (
				1AD6379A1979E8D700B1342B /* AppDelegate.swift */,
				1AD6379C1979E8D700B1342B /* ViewController.swift */,
				1AD637B71979E93300B1342B /* ShapeView.swift */,
				1A6156E519E4AC80004F24A3 /* ShapeFactory.swift */,
				1AD6379E1979E8D700B1342B /* Main.storyboard */,
				1A6156E319E4AC56004F24A3 /* SquareShape.xib */,
				1A770F9F19E5D2DD0035C673 /* RectangleShape.xib */,
				1AD637A11979E8D700B1342B /* Images.xcassets */,
				1AD637981979E8D700B1342B /* Supporting Files */,
			);
			path = Shapely;
			sourceTree = "<group>";
		};
		1AD637981979E8D700B1342B /* Supporting Files */ = {
			isa = PBXGroup;
			children = (
				1AD637991979E8D700B1342B /* Info.plist */,
			);
			name = "Supporting Files";
			sourceTree = "<group>";
		};
		1AD637AA1979E8D700B1342B /* ShapelyTests */ = {
			isa = PBXGroup;
			children = (
				1AD637AD1979E8D700B1342B /* ShapelyTests.swift */,
				1AD637AB1979E8D700B1342B /* Supporting Files */,
			);
			path = ShapelyTests;
			sourceTree = "<group>";
		};
		1AD637AB1979E8D700B1342B /* Supporting Files */ = {
			isa = PBXGroup;
			children = (
				1AD637AC1979E8D700B1342B /* Info.plist */,
			);
			name = "Supporting Files";
			sourceTree = "<group>";
		};
/* End PBXGroup section */

/* Begin PBXNativeTarget section */
		1AD637941979E8D700B1342B /* Shapely */ = {
			isa = PBXNativeTarget;
			buildConfigurationList = 1AD637B11979E8D700B1342B /* Build configuration list for PBXNativeTarget "Shapely" */;
			buildPhases = (
				1AD637911979E8D700B1342B /* Sources */,
				1AD637921979E8D700B1342B /* Frameworks */,
				1AD637931979E8D700B1342B /* Resources */,
			);
			buildRules = (
			);
			dependencies = (
			);
			name = Shapely;
			productName = Shapely;
			productReference = 1AD637951979E8D700B1342B /* Shapely.app */;
			productType = "com.apple.product-type.application";
		};
		1AD637A61979E8D700B1342B /* ShapelyTests */ = {
			isa = PBXNativeTarget;
			buildConfigurationList = 1AD637B41979E8D700B1342B /* Build configuration list for PBXNativeTarget "ShapelyTests" */;
			buildPhases = (
				1AD637A31979E8D700B1342B /* Sources */,
				1AD637A41979E8D700B1342B /* Frameworks */,
				1AD637A51979E8D700B1342B /* Resources */,
			);
			buildRules = (
			);
			dependencies = (
				1AD637A91979E8D700B1342B /* PBXTargetDependency */,
			);
			name = ShapelyTests;
			productName = ShapelyTests;
			productReference = 1AD637A71979E8D700B1342B /* ShapelyTests.xctest */;
			productType = "com.apple.product-type.bundle.unit-test";
		};
/* End PBXNativeTarget section */

/* Begin PBXProject section */
		1AD6378D1979E8D700B1342B /* Project object */ = {
			isa = PBXProject;
			attributes = {
				LastUpgradeCheck = 0600;
				ORGANIZATIONNAME = Apress;
				TargetAttributes = {
					1AD637941979E8D700B1342B = {
						CreatedOnToolsVersion = 6.0;
					};
					1AD637A61979E8D700B1342B = {
						CreatedOnToolsVersion = 6.0;
						TestTargetID = 1AD637941979E8D700B1342B;
					};
				};
			};
			buildConfigurationList = 1AD637901979E8D700B1342B /* Build configuration list for PBXProject "Shapely" */;
			compatibilityVersion = "Xcode 3.2";
			developmentRegion = English;
			hasScannedForEncodings = 0;
			knownRegions = (
				en,
				Base,
			);
			mainGroup = 1AD6378C1979E8D700B1342B;
			productRefGroup = 1AD637961979E8D700B1342B /* Products */;
			projectDirPath = "";
			projectRoot = "";
			targets = (
				1AD637941979E8D700B1342B /* Shapely */,
				1AD637A61979E8D700B1342B /* ShapelyTests */,
			);
		};
/* End PBXProject section */

/* Begin PBXResourcesBuildPhase section */
		1AD637931979E8D700B1342B /* Resources */ = {
			isa = PBXResourcesBuildPhase;
			buildActionMask = 2147483647;
			files = (
				1A6156E419E4AC56004F24A3 /* SquareShape.xib in Resources */,
				1A770FA019E5D2DD0035C673 /* RectangleShape.xib in Resources */,
				1AD637A01979E8D700B1342B /* Main.storyboard in Resources */,
				1AD637A21979E8D700B1342B /* Images.xcassets in Resources */,
			);
			runOnlyForDeploymentPostprocessing = 0;
		};
		1AD637A51979E8D700B1342B /* Resources */ = {
			isa = PBXResourcesBuildPhase;
			buildActionMask = 2147483647;
			files = (
			);
			runOnlyForDeploymentPostprocessing = 0;
		};
/* End PBXResourcesBuildPhase section */

/* Begin PBXSourcesBuildPhase section */
		1AD637911979E8D700B1342B /* Sources */ = {
			isa = PBXSourcesBuildPhase;
			buildActionMask = 2147483647;
			files = (
				1AD637B81979E93300B1342B /* ShapeView.swift in Sources */,
				1AD6379D1979E8D700B1342B /* ViewController.swift in Sources */,
				1A6156E619E4AC80004F24A3 /* ShapeFactory.swift in Sources */,
				1AD6379B1979E8D700B1342B /* AppDelegate.swift in Sources */,
			);
			runOnlyForDeploymentPostprocessing = 0;
		};
		1AD637A31979E8D700B1342B /* Sources */ = {
			isa = PBXSourcesBuildPhase;
			buildActionMask = 2147483647;
			files = (
				1AD637AE1979E8D700B1342B /* ShapelyTests.swift in Sources */,
			);
			runOnlyForDeploymentPostprocessing = 0;
		};
/* End PBXSourcesBuildPhase section */

/* Begin PBXTargetDependency section */
		1AD637A91979E8D700B1342B /* PBXTargetDependency */ = {
			isa = PBXTargetDependency;
			target = 1AD637941979E8D700B1342B /* Shapely */;
			targetProxy = 1AD637A81979E8D700B1342B /* PBXContainerItemProxy */;
		};
/* End PBXTargetDependency section */

/* Begin PBXVariantGroup section */
		1AD6379E1979E8D700B1342B /* Main.storyboard */ = {
			isa = PBXVariantGroup;
			children = (
				1AD6379F1979E8D700B1342B /* Base */,
			);
			name = Main.storyboard;
			sourceTree = "<group>";
		};
/* End PBXVariantGroup section */

/* Begin XCBuildConfiguration section */
		1AD637AF1979E8D700B1342B /* Debug */ = {
			isa = XCBuildConfiguration;
			buildSettings = {
				ALWAYS_SEARCH_USER_PATHS = NO;
				CLANG_CXX_LANGUAGE_STANDARD = "gnu++0x";
				CLANG_CXX_LIBRARY = "libc++";
				CLANG_ENABLE_MODULES = YES;
				CLANG_ENABLE_OBJC_ARC = YES;
				CLANG_WARN_BOOL_CONVERSION = YES;
				CLANG_WARN_CONSTANT_CONVERSION = YES;
				CLANG_WARN_DIRECT_OBJC_ISA_USAGE = YES_ERROR;
				CLANG_WARN_EMPTY_BODY = YES;
				CLANG_WARN_ENUM_CONVERSION = YES;
				CLANG_WARN_INT_CONVERSION = YES;
				CLANG_WARN_OBJC_ROOT_CLASS = YES_ERROR;
				CLANG_WARN_UNREACHABLE_CODE = YES;
				CLANG_WARN__DUPLICATE_METHOD_MATCH = YES;
				"CODE_SIGN_IDENTITY[sdk=iphoneos*]" = "iPhone Developer";
				COPY_PHASE_STRIP = NO;
				ENABLE_STRICT_OBJC_MSGSEND = YES;
				GCC_C_LANGUAGE_STANDARD = gnu99;
				GCC_DYNAMIC_NO_PIC = NO;
				GCC_OPTIMIZATION_LEVEL = 0;
				GCC_PREPROCESSOR_DEFINITIONS = (
					"DEBUG=1",
					"$(inherited)",
				);
				GCC_SYMBOLS_PRIVATE_EXTERN = NO;
				GCC_WARN_64_TO_32_BIT_CONVERSION = YES;
				GCC_WARN_ABOUT_RETURN_TYPE = YES_ERROR;
				GCC_WARN_UNDECLARED_SELECTOR = YES;
				GCC_WARN_UNINITIALIZED_AUTOS = YES_AGGRESSIVE;
				GCC_WARN_UNUSED_FUNCTION = YES;
				GCC_WARN_UNUSED_VARIABLE = YES;
				IPHONEOS_DEPLOYMENT_TARGET = 8.0;
				MTL_ENABLE_DEBUG_INFO = YES;
				ONLY_ACTIVE_ARCH = YES;
				SDKROOT = iphoneos;
				SWIFT_OPTIMIZATION_LEVEL = "-Onone";
				TARGETED_DEVICE_FAMILY = "1,2";
			};
			name = Debug;
		};
		1AD637B01979E8D700B1342B /* Release */ = {
			isa = XCBuildConfiguration;
			buildSettings = {
				ALWAYS_SEARCH_USER_PATHS = NO;
				CLANG_CXX_LANGUAGE_STANDARD = "gnu++0x";
				CLANG_CXX_LIBRARY = "libc++";
				CLANG_ENABLE_MODULES = YES;
				CLANG_ENABLE_OBJC_ARC = YES;
				CLANG_WARN_BOOL_CONVERSION = YES;
				CLANG_WARN_CONSTANT_CONVERSION = YES;
				CLANG_WARN_DIRECT_OBJC_ISA_USAGE = YES_ERROR;
				CLANG_WARN_EMPTY_BODY = YES;
				CLANG_WARN_ENUM_CONVERSION = YES;
				CLANG_WARN_INT_CONVERSION = YES;
				CLANG_WARN_OBJC_ROOT_CLASS = YES_ERROR;
				CLANG_WARN_UNREACHABLE_CODE = YES;
				CLANG_WARN__DUPLICATE_METHOD_MATCH = YES;
				"CODE_SIGN_IDENTITY[sdk=iphoneos*]" = "iPhone Developer";
				COPY_PHASE_STRIP = YES;
				ENABLE_NS_ASSERTIONS = NO;
				ENABLE_STRICT_OBJC_MSGSEND = YES;
				GCC_C_LANGUAGE_STANDARD = gnu99;
				GCC_WARN_64_TO_32_BIT_CONVERSION = YES;
				GCC_WARN_ABOUT_RETURN_TYPE = YES_ERROR;
				GCC_WARN_UNDECLARED_SELECTOR = YES;
				GCC_WARN_UNINITIALIZED_AUTOS = YES_AGGRESSIVE;
				GCC_WARN_UNUSED_FUNCTION = YES;
				GCC_WARN_UNUSED_VARIABLE = YES;
				IPHONEOS_DEPLOYMENT_TARGET = 8.0;
				MTL_ENABLE_DEBUG_INFO = NO;
				SDKROOT = iphoneos;
				TARGETED_DEVICE_FAMILY = "1,2";
				VALIDATE_PRODUCT = YES;
			};
			name = Release;
		};
		1AD637B21979E8D700B1342B /* Debug */ = {
			isa = XCBuildConfiguration;
			buildSettings = {
				ASSETCATALOG_COMPILER_APPICON_NAME = AppIcon;
				ASSETCATALOG_COMPILER_LAUNCHIMAGE_NAME = LaunchImage;
				INFOPLIST_FILE = Shapely/Info.plist;
				LD_RUNPATH_SEARCH_PATHS = "$(inherited) @executable_path/Frameworks";
				PRODUCT_NAME = "$(TARGET_NAME)";
			};
			name = Debug;
		};
		1AD637B31979E8D700B1342B /* Release */ = {
			isa = XCBuildConfiguration;
			buildSettings = {
				ASSETCATALOG_COMPILER_APPICON_NAME = AppIcon;
				ASSETCATALOG_COMPILER_LAUNCHIMAGE_NAME = LaunchImage;
				INFOPLIST_FILE = Shapely/Info.plist;
				LD_RUNPATH_SEARCH_PATHS = "$(inherited) @executable_path/Frameworks";
				PRODUCT_NAME = "$(TARGET_NAME)";
			};
			name = Release;
		};
		1AD637B51979E8D700B1342B /* Debug */ = {
			isa = XCBuildConfiguration;
			buildSettings = {
				BUNDLE_LOADER = "$(BUILT_PRODUCTS_DIR)/Shapely.app/Shapely";
				FRAMEWORK_SEARCH_PATHS = (
					"$(SDKROOT)/Developer/Library/Frameworks",
					"$(inherited)",
				);
				GCC_PREPROCESSOR_DEFINITIONS = (
					"DEBUG=1",
					"$(inherited)",
				);
				INFOPLIST_FILE = ShapelyTests/Info.plist;
				LD_RUNPATH_SEARCH_PATHS = "$(inherited) @executable_path/Frameworks @loader_path/Frameworks";
				PRODUCT_NAME = "$(TARGET_NAME)";
				TEST_HOST = "$(BUNDLE_LOADER)";
			};
			name = Debug;
		};
		1AD637B61979E8D700B1342B /* Release */ = {
			isa = XCBuildConfiguration;
			buildSettings = {
				BUNDLE_LOADER = "$(BUILT_PRODUCTS_DIR)/Shapely.app/Shapely";
				FRAMEWORK_SEARCH_PATHS = (
					"$(SDKROOT)/Developer/Library/Frameworks",
					"$(inherited)",
				);
				INFOPLIST_FILE = ShapelyTests/Info.plist;
				LD_RUNPATH_SEARCH_PATHS = "$(inherited) @executable_path/Frameworks @loader_path/Frameworks";
				PRODUCT_NAME = "$(TARGET_NAME)";
				TEST_HOST = "$(BUNDLE_LOADER)";
			};
			name = Release;
		};
/* End XCBuildConfiguration section */

/* Begin XCConfigurationList section */
		1AD637901979E8D700B1342B /* Build configuration list for PBXProject "Shapely" */ = {
			isa = XCConfigurationList;
			buildConfigurations = (
				1AD637AF1979E8D700B1342B /* Debug */,
				1AD637B01979E8D700B1342B /* Release */,
			);
			defaultConfigurationIsVisible = 0;
			defaultConfigurationName = Release;
		};
		1AD637B11979E8D700B1342B /* Build configuration list for PBXNativeTarget "Shapely" */ = {
			isa = XCConfigurationList;
			buildConfigurations = (
				1AD637B21979E8D700B1342B /* Debug */,
				1AD637B31979E8D700B1342B /* Release */,
			);
			defaultConfigurationIsVisible = 0;
			defaultConfigurationName = Release;
		};
		1AD637B41979E8D700B1342B /* Build configuration list for PBXNativeTarget "ShapelyTests" */ = {
			isa = XCConfigurationList;
			buildConfigurations = (
				1AD637B51979E8D700B1342B /* Debug */,
				1AD637B61979E8D700B1342B /* Release */,
			);
			defaultConfigurationIsVisible = 0;
			defaultConfigurationName = Release;
		};
/* End XCConfigurationList section */
	};
	rootObject = 1AD6378D1979E8D700B1342B /* Project object */;
}
