// !$*UTF8*$!
{
	archiveVersion = 1;
	classes = {
	};
	objectVersion = 46;
	objects = {

/* Begin PBXBuildFile section */
		1A8F641F1976EAC600282727 /* AppDelegate.swift in Sources */ = {isa = PBXBuildFile; fileRef = 1A8F641E1976EAC600282727 /* AppDelegate.swift */; };
		1A8F64211976EAC600282727 /* ViewController.swift in Sources */ = {isa = PBXBuildFile; fileRef = 1A8F64201976EAC600282727 /* ViewController.swift */; };
		1A8F64241976EAC600282727 /* Main.storyboard in Resources */ = {isa = PBXBuildFile; fileRef = 1A8F64221976EAC600282727 /* Main.storyboard */; };
		1A8F64261976EAC600282727 /* Images.xcassets in Resources */ = {isa = PBXBuildFile; fileRef = 1A8F64251976EAC600282727 /* Images.xcassets */; };
		1A8F64321976EAC600282727 /* EightBallTests.swift in Sources */ = {isa = PBXBuildFile; fileRef = 1A8F64311976EAC600282727 /* EightBallTests.swift */; };
/* End PBXBuildFile section */

/* Begin PBXContainerItemProxy section */
		1A8F642C1976EAC600282727 /* PBXContainerItemProxy */ = {
			isa = PBXContainerItemProxy;
			containerPortal = 1A8F64111976EAC600282727 /* Project object */;
			proxyType = 1;
			remoteGlobalIDString = 1A8F64181976EAC600282727;
			remoteInfo = EightBall;
		};
/* End PBXContainerItemProxy section */

/* Begin PBXFileReference section */
		1A8F64191976EAC600282727 /* EightBall.app */ = {isa = PBXFileReference; explicitFileType = wrapper.application; includeInIndex = 0; path = EightBall.app; sourceTree = BUILT_PRODUCTS_DIR; };
		1A8F641D1976EAC600282727 /* Info.plist */ = {isa = PBXFileReference; lastKnownFileType = text.plist.xml; path = Info.plist; sourceTree = "<group>"; };
		1A8F641E1976EAC600282727 /* AppDelegate.swift */ = {isa = PBXFileReference; lastKnownFileType = sourcecode.swift; path = AppDelegate.swift; sourceTree = "<group>"; };
		1A8F64201976EAC600282727 /* ViewController.swift */ = {isa = PBXFileReference; lastKnownFileType = sourcecode.swift; path = ViewController.swift; sourceTree = "<group>"; };
		1A8F64231976EAC600282727 /* Base */ = {isa = PBXFileReference; lastKnownFileType = file.storyboard; name = Base; path = Base.lproj/Main.storyboard; sourceTree = "<group>"; };
		1A8F64251976EAC600282727 /* Images.xcassets */ = {isa = PBXFileReference; lastKnownFileType = folder.assetcatalog; path = Images.xcassets; sourceTree = "<group>"; };
		1A8F642B1976EAC600282727 /* EightBallTests.xctest */ = {isa = PBXFileReference; explicitFileType = wrapper.cfbundle; includeInIndex = 0; path = EightBallTests.xctest; sourceTree = BUILT_PRODUCTS_DIR; };
		1A8F64301976EAC600282727 /* Info.plist */ = {isa = PBXFileReference; lastKnownFileType = text.plist.xml; path = Info.plist; sourceTree = "<group>"; };
		1A8F64311976EAC600282727 /* EightBallTests.swift */ = {isa = PBXFileReference; lastKnownFileType = sourcecode.swift; path = EightBallTests.swift; sourceTree = "<group>"; };
/* End PBXFileReference section */

/* Begin PBXFrameworksBuildPhase section */
		1A8F64161976EAC600282727 /* Frameworks */ = {
			isa = PBXFrameworksBuildPhase;
			buildActionMask = 2147483647;
			files = (
			);
			runOnlyForDeploymentPostprocessing = 0;
		};
		1A8F64281976EAC600282727 /* Frameworks */ = {
			isa = PBXFrameworksBuildPhase;
			buildActionMask = 2147483647;
			files = (
			);
			runOnlyForDeploymentPostprocessing = 0;
		};
/* End PBXFrameworksBuildPhase section */

/* Begin PBXGroup section */
		1A8F64101976EAC600282727 = {
			isa = PBXGroup;
			children = (
				1A8F641B1976EAC600282727 /* EightBall */,
				1A8F642E1976EAC600282727 /* EightBallTests */,
				1A8F641A1976EAC600282727 /* Products */,
			);
			sourceTree = "<group>";
		};
		1A8F641A1976EAC600282727 /* Products */ = {
			isa = PBXGroup;
			children = (
				1A8F64191976EAC600282727 /* EightBall.app */,
				1A8F642B1976EAC600282727 /* EightBallTests.xctest */,
			);
			name = Products;
			sourceTree = "<group>";
		};
		1A8F641B1976EAC600282727 /* EightBall */ = {
			isa = PBXGroup;
			children = (
				1A8F641E1976EAC600282727 /* AppDelegate.swift */,
				1A8F64201976EAC600282727 /* ViewController.swift */,
				1A8F64221976EAC600282727 /* Main.storyboard */,
				1A8F64251976EAC600282727 /* Images.xcassets */,
				1A8F641C1976EAC600282727 /* Supporting Files */,
			);
			path = EightBall;
			sourceTree = "<group>";
		};
		1A8F641C1976EAC600282727 /* Supporting Files */ = {
			isa = PBXGroup;
			children = (
				1A8F641D1976EAC600282727 /* Info.plist */,
			);
			name = "Supporting Files";
			sourceTree = "<group>";
		};
		1A8F642E1976EAC600282727 /* EightBallTests */ = {
			isa = PBXGroup;
			children = (
				1A8F64311976EAC600282727 /* EightBallTests.swift */,
				1A8F642F1976EAC600282727 /* Supporting Files */,
			);
			path = EightBallTests;
			sourceTree = "<group>";
		};
		1A8F642F1976EAC600282727 /* Supporting Files */ = {
			isa = PBXGroup;
			children = (
				1A8F64301976EAC600282727 /* Info.plist */,
			);
			name = "Supporting Files";
			sourceTree = "<group>";
		};
/* End PBXGroup section */

/* Begin PBXNativeTarget section */
		1A8F64181976EAC600282727 /* EightBall */ = {
			isa = PBXNativeTarget;
			buildConfigurationList = 1A8F64351976EAC600282727 /* Build configuration list for PBXNativeTarget "EightBall" */;
			buildPhases = (
				1A8F64151976EAC600282727 /* Sources */,
				1A8F64161976EAC600282727 /* Frameworks */,
				1A8F64171976EAC600282727 /* Resources */,
			);
			buildRules = (
			);
			dependencies = (
			);
			name = EightBall;
			productName = EightBall;
			productReference = 1A8F64191976EAC600282727 /* EightBall.app */;
			productType = "com.apple.product-type.application";
		};
		1A8F642A1976EAC600282727 /* EightBallTests */ = {
			isa = PBXNativeTarget;
			buildConfigurationList = 1A8F64381976EAC600282727 /* Build configuration list for PBXNativeTarget "EightBallTests" */;
			buildPhases = (
				1A8F64271976EAC600282727 /* Sources */,
				1A8F64281976EAC600282727 /* Frameworks */,
				1A8F64291976EAC600282727 /* Resources */,
			);
			buildRules = (
			);
			dependencies = (
				1A8F642D1976EAC600282727 /* PBXTargetDependency */,
			);
			name = EightBallTests;
			productName = EightBallTests;
			productReference = 1A8F642B1976EAC600282727 /* EightBallTests.xctest */;
			productType = "com.apple.product-type.bundle.unit-test";
		};
/* End PBXNativeTarget section */

/* Begin PBXProject section */
		1A8F64111976EAC600282727 /* Project object */ = {
			isa = PBXProject;
			attributes = {
				LastUpgradeCheck = 0600;
				ORGANIZATIONNAME = Apress;
				TargetAttributes = {
					1A8F64181976EAC600282727 = {
						CreatedOnToolsVersion = 6.0;
					};
					1A8F642A1976EAC600282727 = {
						CreatedOnToolsVersion = 6.0;
						TestTargetID = 1A8F64181976EAC600282727;
					};
				};
			};
			buildConfigurationList = 1A8F64141976EAC600282727 /* Build configuration list for PBXProject "EightBall" */;
			compatibilityVersion = "Xcode 3.2";
			developmentRegion = English;
			hasScannedForEncodings = 0;
			knownRegions = (
				en,
				Base,
			);
			mainGroup = 1A8F64101976EAC600282727;
			productRefGroup = 1A8F641A1976EAC600282727 /* Products */;
			projectDirPath = "";
			projectRoot = "";
			targets = (
				1A8F64181976EAC600282727 /* EightBall */,
				1A8F642A1976EAC600282727 /* EightBallTests */,
			);
		};
/* End PBXProject section */

/* Begin PBXResourcesBuildPhase section */
		1A8F64171976EAC600282727 /* Resources */ = {
			isa = PBXResourcesBuildPhase;
			buildActionMask = 2147483647;
			files = (
				1A8F64241976EAC600282727 /* Main.storyboard in Resources */,
				1A8F64261976EAC600282727 /* Images.xcassets in Resources */,
			);
			runOnlyForDeploymentPostprocessing = 0;
		};
		1A8F64291976EAC600282727 /* Resources */ = {
			isa = PBXResourcesBuildPhase;
			buildActionMask = 2147483647;
			files = (
			);
			runOnlyForDeploymentPostprocessing = 0;
		};
/* End PBXResourcesBuildPhase section */

/* Begin PBXSourcesBuildPhase section */
		1A8F64151976EAC600282727 /* Sources */ = {
			isa = PBXSourcesBuildPhase;
			buildActionMask = 2147483647;
			files = (
				1A8F64211976EAC600282727 /* ViewController.swift in Sources */,
				1A8F641F1976EAC600282727 /* AppDelegate.swift in Sources */,
			);
			runOnlyForDeploymentPostprocessing = 0;
		};
		1A8F64271976EAC600282727 /* Sources */ = {
			isa = PBXSourcesBuildPhase;
			buildActionMask = 2147483647;
			files = (
				1A8F64321976EAC600282727 /* EightBallTests.swift in Sources */,
			);
			runOnlyForDeploymentPostprocessing = 0;
		};
/* End PBXSourcesBuildPhase section */

/* Begin PBXTargetDependency section */
		1A8F642D1976EAC600282727 /* PBXTargetDependency */ = {
			isa = PBXTargetDependency;
			target = 1A8F64181976EAC600282727 /* EightBall */;
			targetProxy = 1A8F642C1976EAC600282727 /* PBXContainerItemProxy */;
		};
/* End PBXTargetDependency section */

/* Begin PBXVariantGroup section */
		1A8F64221976EAC600282727 /* Main.storyboard */ = {
			isa = PBXVariantGroup;
			children = (
				1A8F64231976EAC600282727 /* Base */,
			);
			name = Main.storyboard;
			sourceTree = "<group>";
		};
/* End PBXVariantGroup section */

/* Begin XCBuildConfiguration section */
		1A8F64331976EAC600282727 /* Debug */ = {
			isa = XCBuildConfiguration;
			buildSettings = {
				ALWAYS_SEARCH_USER_PATHS = NO;
				CLANG_CXX_LANGUAGE_STANDARD = "gnu++0x";
				CLANG_CXX_LIBRARY = "libc++";
				CLANG_ENABLE_MODULES = YES;
				CLANG_ENABLE_OBJC_ARC = YES;
				CLANG_WARN_BOOL_CONVERSION = YES;
				CLANG_WARN_CONSTANT_CONVERSION = YES;
				CLANG_WARN_DIRECT_OBJC_ISA_USAGE = YES_ERROR;
				CLANG_WARN_EMPTY_BODY = YES;
				CLANG_WARN_ENUM_CONVERSION = YES;
				CLANG_WARN_INT_CONVERSION = YES;
				CLANG_WARN_OBJC_ROOT_CLASS = YES_ERROR;
				CLANG_WARN_UNREACHABLE_CODE = YES;
				CLANG_WARN__DUPLICATE_METHOD_MATCH = YES;
				"CODE_SIGN_IDENTITY[sdk=iphoneos*]" = "iPhone Developer";
				COPY_PHASE_STRIP = NO;
				ENABLE_STRICT_OBJC_MSGSEND = YES;
				GCC_C_LANGUAGE_STANDARD = gnu99;
				GCC_DYNAMIC_NO_PIC = NO;
				GCC_OPTIMIZATION_LEVEL = 0;
				GCC_PREPROCESSOR_DEFINITIONS = (
					"DEBUG=1",
					"$(inherited)",
				);
				GCC_SYMBOLS_PRIVATE_EXTERN = NO;
				GCC_WARN_64_TO_32_BIT_CONVERSION = YES;
				GCC_WARN_ABOUT_RETURN_TYPE = YES_ERROR;
				GCC_WARN_UNDECLARED_SELECTOR = YES;
				GCC_WARN_UNINITIALIZED_AUTOS = YES_AGGRESSIVE;
				GCC_WARN_UNUSED_FUNCTION = YES;
				GCC_WARN_UNUSED_VARIABLE = YES;
				IPHONEOS_DEPLOYMENT_TARGET = 8.0;
				MTL_ENABLE_DEBUG_INFO = YES;
				ONLY_ACTIVE_ARCH = YES;
				SDKROOT = iphoneos;
				SWIFT_OPTIMIZATION_LEVEL = "-Onone";
			};
			name = Debug;
		};
		1A8F64341976EAC600282727 /* Release */ = {
			isa = XCBuildConfiguration;
			buildSettings = {
				ALWAYS_SEARCH_USER_PATHS = NO;
				CLANG_CXX_LANGUAGE_STANDARD = "gnu++0x";
				CLANG_CXX_LIBRARY = "libc++";
				CLANG_ENABLE_MODULES = YES;
				CLANG_ENABLE_OBJC_ARC = YES;
				CLANG_WARN_BOOL_CONVERSION = YES;
				CLANG_WARN_CONSTANT_CONVERSION = YES;
				CLANG_WARN_DIRECT_OBJC_ISA_USAGE = YES_ERROR;
				CLANG_WARN_EMPTY_BODY = YES;
				CLANG_WARN_ENUM_CONVERSION = YES;
				CLANG_WARN_INT_CONVERSION = YES;
				CLANG_WARN_OBJC_ROOT_CLASS = YES_ERROR;
				CLANG_WARN_UNREACHABLE_CODE = YES;
				CLANG_WARN__DUPLICATE_METHOD_MATCH = YES;
				"CODE_SIGN_IDENTITY[sdk=iphoneos*]" = "iPhone Developer";
				COPY_PHASE_STRIP = YES;
				ENABLE_NS_ASSERTIONS = NO;
				ENABLE_STRICT_OBJC_MSGSEND = YES;
				GCC_C_LANGUAGE_STANDARD = gnu99;
				GCC_WARN_64_TO_32_BIT_CONVERSION = YES;
				GCC_WARN_ABOUT_RETURN_TYPE = YES_ERROR;
				GCC_WARN_UNDECLARED_SELECTOR = YES;
				GCC_WARN_UNINITIALIZED_AUTOS = YES_AGGRESSIVE;
				GCC_WARN_UNUSED_FUNCTION = YES;
				GCC_WARN_UNUSED_VARIABLE = YES;
				IPHONEOS_DEPLOYMENT_TARGET = 8.0;
				MTL_ENABLE_DEBUG_INFO = NO;
				SDKROOT = iphoneos;
				VALIDATE_PRODUCT = YES;
			};
			name = Release;
		};
		1A8F64361976EAC600282727 /* Debug */ = {
			isa = XCBuildConfiguration;
			buildSettings = {
				ASSETCATALOG_COMPILER_APPICON_NAME = AppIcon;
				ASSETCATALOG_COMPILER_LAUNCHIMAGE_NAME = LaunchImage;
				INFOPLIST_FILE = EightBall/Info.plist;
				LD_RUNPATH_SEARCH_PATHS = "$(inherited) @executable_path/Frameworks";
				PRODUCT_NAME = "$(TARGET_NAME)";
			};
			name = Debug;
		};
		1A8F64371976EAC600282727 /* Release */ = {
			isa = XCBuildConfiguration;
			buildSettings = {
				ASSETCATALOG_COMPILER_APPICON_NAME = AppIcon;
				ASSETCATALOG_COMPILER_LAUNCHIMAGE_NAME = LaunchImage;
				INFOPLIST_FILE = EightBall/Info.plist;
				LD_RUNPATH_SEARCH_PATHS = "$(inherited) @executable_path/Frameworks";
				PRODUCT_NAME = "$(TARGET_NAME)";
			};
			name = Release;
		};
		1A8F64391976EAC600282727 /* Debug */ = {
			isa = XCBuildConfiguration;
			buildSettings = {
				BUNDLE_LOADER = "$(BUILT_PRODUCTS_DIR)/EightBall.app/EightBall";
				FRAMEWORK_SEARCH_PATHS = (
					"$(SDKROOT)/Developer/Library/Frameworks",
					"$(inherited)",
				);
				GCC_PREPROCESSOR_DEFINITIONS = (
					"DEBUG=1",
					"$(inherited)",
				);
				INFOPLIST_FILE = EightBallTests/Info.plist;
				LD_RUNPATH_SEARCH_PATHS = "$(inherited) @executable_path/Frameworks @loader_path/Frameworks";
				PRODUCT_NAME = "$(TARGET_NAME)";
				TEST_HOST = "$(BUNDLE_LOADER)";
			};
			name = Debug;
		};
		1A8F643A1976EAC600282727 /* Release */ = {
			isa = XCBuildConfiguration;
			buildSettings = {
				BUNDLE_LOADER = "$(BUILT_PRODUCTS_DIR)/EightBall.app/EightBall";
				FRAMEWORK_SEARCH_PATHS = (
					"$(SDKROOT)/Developer/Library/Frameworks",
					"$(inherited)",
				);
				INFOPLIST_FILE = EightBallTests/Info.plist;
				LD_RUNPATH_SEARCH_PATHS = "$(inherited) @executable_path/Frameworks @loader_path/Frameworks";
				PRODUCT_NAME = "$(TARGET_NAME)";
				TEST_HOST = "$(BUNDLE_LOADER)";
			};
			name = Release;
		};
/* End XCBuildConfiguration section */

/* Begin XCConfigurationList section */
		1A8F64141976EAC600282727 /* Build configuration list for PBXProject "EightBall" */ = {
			isa = XCConfigurationList;
			buildConfigurations = (
				1A8F64331976EAC600282727 /* Debug */,
				1A8F64341976EAC600282727 /* Release */,
			);
			defaultConfigurationIsVisible = 0;
			defaultConfigurationName = Release;
		};
		1A8F64351976EAC600282727 /* Build configuration list for PBXNativeTarget "EightBall" */ = {
			isa = XCConfigurationList;
			buildConfigurations = (
				1A8F64361976EAC600282727 /* Debug */,
				1A8F64371976EAC600282727 /* Release */,
			);
			defaultConfigurationIsVisible = 0;
		};
		1A8F64381976EAC600282727 /* Build configuration list for PBXNativeTarget "EightBallTests" */ = {
			isa = XCConfigurationList;
			buildConfigurations = (
				1A8F64391976EAC600282727 /* Debug */,
				1A8F643A1976EAC600282727 /* Release */,
			);
			defaultConfigurationIsVisible = 0;
		};
/* End XCConfigurationList section */
	};
	rootObject = 1A8F64111976EAC600282727 /* Project object */;
}
