// !$*UTF8*$!
{
	archiveVersion = 1;
	classes = {
	};
	objectVersion = 46;
	objects = {

/* Begin PBXBuildFile section */
		1A0D60A119E99A61009E05CB /* ResizableScene.swift in Sources */ = {isa = PBXBuildFile; fileRef = 1A0D60A019E99A61009E05CB /* ResizableScene.swift */; };
		1A8DC6B219EC9A4800D6EC4B /* WelcomeScene.sks in Resources */ = {isa = PBXBuildFile; fileRef = 1A8DC6B119EC9A4800D6EC4B /* WelcomeScene.sks */; };
		1A8DC6B419EC9F7800D6EC4B /* WelcomeScene.swift in Sources */ = {isa = PBXBuildFile; fileRef = 1A8DC6B319EC9F7800D6EC4B /* WelcomeScene.swift */; };
		1A925D1819E83C8E00D1E39F /* AppDelegate.swift in Sources */ = {isa = PBXBuildFile; fileRef = 1A925D1719E83C8E00D1E39F /* AppDelegate.swift */; };
		1A925D1A19E83C8E00D1E39F /* GameScene.sks in Resources */ = {isa = PBXBuildFile; fileRef = 1A925D1919E83C8E00D1E39F /* GameScene.sks */; };
		1A925D1C19E83C8E00D1E39F /* GameScene.swift in Sources */ = {isa = PBXBuildFile; fileRef = 1A925D1B19E83C8E00D1E39F /* GameScene.swift */; };
		1A925D1E19E83C8E00D1E39F /* GameViewController.swift in Sources */ = {isa = PBXBuildFile; fileRef = 1A925D1D19E83C8E00D1E39F /* GameViewController.swift */; };
		1A925D2119E83C8E00D1E39F /* Main.storyboard in Resources */ = {isa = PBXBuildFile; fileRef = 1A925D1F19E83C8E00D1E39F /* Main.storyboard */; };
		1A925D2319E83C8E00D1E39F /* Images.xcassets in Resources */ = {isa = PBXBuildFile; fileRef = 1A925D2219E83C8E00D1E39F /* Images.xcassets */; };
		1A925D2619E83C8E00D1E39F /* LaunchScreen.xib in Resources */ = {isa = PBXBuildFile; fileRef = 1A925D2419E83C8E00D1E39F /* LaunchScreen.xib */; };
		1A925D3219E83C8E00D1E39F /* SpaceSaladTests.swift in Sources */ = {isa = PBXBuildFile; fileRef = 1A925D3119E83C8E00D1E39F /* SpaceSaladTests.swift */; };
/* End PBXBuildFile section */

/* Begin PBXContainerItemProxy section */
		1A925D2C19E83C8E00D1E39F /* PBXContainerItemProxy */ = {
			isa = PBXContainerItemProxy;
			containerPortal = 1A925D0A19E83C8E00D1E39F /* Project object */;
			proxyType = 1;
			remoteGlobalIDString = 1A925D1119E83C8E00D1E39F;
			remoteInfo = SpaceSalad;
		};
/* End PBXContainerItemProxy section */

/* Begin PBXFileReference section */
		1A0D60A019E99A61009E05CB /* ResizableScene.swift */ = {isa = PBXFileReference; fileEncoding = 4; lastKnownFileType = sourcecode.swift; path = ResizableScene.swift; sourceTree = "<group>"; };
		1A8DC6B119EC9A4800D6EC4B /* WelcomeScene.sks */ = {isa = PBXFileReference; lastKnownFileType = file.sks; path = WelcomeScene.sks; sourceTree = "<group>"; };
		1A8DC6B319EC9F7800D6EC4B /* WelcomeScene.swift */ = {isa = PBXFileReference; fileEncoding = 4; lastKnownFileType = sourcecode.swift; path = WelcomeScene.swift; sourceTree = "<group>"; };
		1A925D1219E83C8E00D1E39F /* SpaceSalad.app */ = {isa = PBXFileReference; explicitFileType = wrapper.application; includeInIndex = 0; path = SpaceSalad.app; sourceTree = BUILT_PRODUCTS_DIR; };
		1A925D1619E83C8E00D1E39F /* Info.plist */ = {isa = PBXFileReference; lastKnownFileType = text.plist.xml; path = Info.plist; sourceTree = "<group>"; };
		1A925D1719E83C8E00D1E39F /* AppDelegate.swift */ = {isa = PBXFileReference; lastKnownFileType = sourcecode.swift; path = AppDelegate.swift; sourceTree = "<group>"; };
		1A925D1919E83C8E00D1E39F /* GameScene.sks */ = {isa = PBXFileReference; lastKnownFileType = file.sks; path = GameScene.sks; sourceTree = "<group>"; };
		1A925D1B19E83C8E00D1E39F /* GameScene.swift */ = {isa = PBXFileReference; lastKnownFileType = sourcecode.swift; path = GameScene.swift; sourceTree = "<group>"; };
		1A925D1D19E83C8E00D1E39F /* GameViewController.swift */ = {isa = PBXFileReference; lastKnownFileType = sourcecode.swift; path = GameViewController.swift; sourceTree = "<group>"; };
		1A925D2019E83C8E00D1E39F /* Base */ = {isa = PBXFileReference; lastKnownFileType = file.storyboard; name = Base; path = Base.lproj/Main.storyboard; sourceTree = "<group>"; };
		1A925D2219E83C8E00D1E39F /* Images.xcassets */ = {isa = PBXFileReference; lastKnownFileType = folder.assetcatalog; path = Images.xcassets; sourceTree = "<group>"; };
		1A925D2519E83C8E00D1E39F /* Base */ = {isa = PBXFileReference; lastKnownFileType = file.xib; name = Base; path = Base.lproj/LaunchScreen.xib; sourceTree = "<group>"; };
		1A925D2B19E83C8E00D1E39F /* SpaceSaladTests.xctest */ = {isa = PBXFileReference; explicitFileType = wrapper.cfbundle; includeInIndex = 0; path = SpaceSaladTests.xctest; sourceTree = BUILT_PRODUCTS_DIR; };
		1A925D3019E83C8E00D1E39F /* Info.plist */ = {isa = PBXFileReference; lastKnownFileType = text.plist.xml; path = Info.plist; sourceTree = "<group>"; };
		1A925D3119E83C8E00D1E39F /* SpaceSaladTests.swift */ = {isa = PBXFileReference; lastKnownFileType = sourcecode.swift; path = SpaceSaladTests.swift; sourceTree = "<group>"; };
/* End PBXFileReference section */

/* Begin PBXFrameworksBuildPhase section */
		1A925D0F19E83C8E00D1E39F /* Frameworks */ = {
			isa = PBXFrameworksBuildPhase;
			buildActionMask = 2147483647;
			files = (
			);
			runOnlyForDeploymentPostprocessing = 0;
		};
		1A925D2819E83C8E00D1E39F /* Frameworks */ = {
			isa = PBXFrameworksBuildPhase;
			buildActionMask = 2147483647;
			files = (
			);
			runOnlyForDeploymentPostprocessing = 0;
		};
/* End PBXFrameworksBuildPhase section */

/* Begin PBXGroup section */
		1A925D0919E83C8E00D1E39F = {
			isa = PBXGroup;
			children = (
				1A925D1419E83C8E00D1E39F /* SpaceSalad */,
				1A925D2E19E83C8E00D1E39F /* SpaceSaladTests */,
				1A925D1319E83C8E00D1E39F /* Products */,
			);
			sourceTree = "<group>";
		};
		1A925D1319E83C8E00D1E39F /* Products */ = {
			isa = PBXGroup;
			children = (
				1A925D1219E83C8E00D1E39F /* SpaceSalad.app */,
				1A925D2B19E83C8E00D1E39F /* SpaceSaladTests.xctest */,
			);
			name = Products;
			sourceTree = "<group>";
		};
		1A925D1419E83C8E00D1E39F /* SpaceSalad */ = {
			isa = PBXGroup;
			children = (
				1A925D1719E83C8E00D1E39F /* AppDelegate.swift */,
				1A8DC6B119EC9A4800D6EC4B /* WelcomeScene.sks */,
				1A8DC6B319EC9F7800D6EC4B /* WelcomeScene.swift */,
				1A925D1919E83C8E00D1E39F /* GameScene.sks */,
				1A925D1B19E83C8E00D1E39F /* GameScene.swift */,
				1A925D1D19E83C8E00D1E39F /* GameViewController.swift */,
				1A0D60A019E99A61009E05CB /* ResizableScene.swift */,
				1A925D1F19E83C8E00D1E39F /* Main.storyboard */,
				1A925D2219E83C8E00D1E39F /* Images.xcassets */,
				1A925D2419E83C8E00D1E39F /* LaunchScreen.xib */,
				1A925D1519E83C8E00D1E39F /* Supporting Files */,
			);
			path = SpaceSalad;
			sourceTree = "<group>";
		};
		1A925D1519E83C8E00D1E39F /* Supporting Files */ = {
			isa = PBXGroup;
			children = (
				1A925D1619E83C8E00D1E39F /* Info.plist */,
			);
			name = "Supporting Files";
			sourceTree = "<group>";
		};
		1A925D2E19E83C8E00D1E39F /* SpaceSaladTests */ = {
			isa = PBXGroup;
			children = (
				1A925D3119E83C8E00D1E39F /* SpaceSaladTests.swift */,
				1A925D2F19E83C8E00D1E39F /* Supporting Files */,
			);
			path = SpaceSaladTests;
			sourceTree = "<group>";
		};
		1A925D2F19E83C8E00D1E39F /* Supporting Files */ = {
			isa = PBXGroup;
			children = (
				1A925D3019E83C8E00D1E39F /* Info.plist */,
			);
			name = "Supporting Files";
			sourceTree = "<group>";
		};
/* End PBXGroup section */

/* Begin PBXNativeTarget section */
		1A925D1119E83C8E00D1E39F /* SpaceSalad */ = {
			isa = PBXNativeTarget;
			buildConfigurationList = 1A925D3519E83C8E00D1E39F /* Build configuration list for PBXNativeTarget "SpaceSalad" */;
			buildPhases = (
				1A925D0E19E83C8E00D1E39F /* Sources */,
				1A925D0F19E83C8E00D1E39F /* Frameworks */,
				1A925D1019E83C8E00D1E39F /* Resources */,
			);
			buildRules = (
			);
			dependencies = (
			);
			name = SpaceSalad;
			productName = SpaceSalad;
			productReference = 1A925D1219E83C8E00D1E39F /* SpaceSalad.app */;
			productType = "com.apple.product-type.application";
		};
		1A925D2A19E83C8E00D1E39F /* SpaceSaladTests */ = {
			isa = PBXNativeTarget;
			buildConfigurationList = 1A925D3819E83C8E00D1E39F /* Build configuration list for PBXNativeTarget "SpaceSaladTests" */;
			buildPhases = (
				1A925D2719E83C8E00D1E39F /* Sources */,
				1A925D2819E83C8E00D1E39F /* Frameworks */,
				1A925D2919E83C8E00D1E39F /* Resources */,
			);
			buildRules = (
			);
			dependencies = (
				1A925D2D19E83C8E00D1E39F /* PBXTargetDependency */,
			);
			name = SpaceSaladTests;
			productName = SpaceSaladTests;
			productReference = 1A925D2B19E83C8E00D1E39F /* SpaceSaladTests.xctest */;
			productType = "com.apple.product-type.bundle.unit-test";
		};
/* End PBXNativeTarget section */

/* Begin PBXProject section */
		1A925D0A19E83C8E00D1E39F /* Project object */ = {
			isa = PBXProject;
			attributes = {
				LastUpgradeCheck = 0610;
				ORGANIZATIONNAME = Apress;
				TargetAttributes = {
					1A925D1119E83C8E00D1E39F = {
						CreatedOnToolsVersion = 6.1;
						DevelopmentTeam = W5U957H54U;
					};
					1A925D2A19E83C8E00D1E39F = {
						CreatedOnToolsVersion = 6.1;
						TestTargetID = 1A925D1119E83C8E00D1E39F;
					};
				};
			};
			buildConfigurationList = 1A925D0D19E83C8E00D1E39F /* Build configuration list for PBXProject "SpaceSalad" */;
			compatibilityVersion = "Xcode 3.2";
			developmentRegion = English;
			hasScannedForEncodings = 0;
			knownRegions = (
				en,
				Base,
			);
			mainGroup = 1A925D0919E83C8E00D1E39F;
			productRefGroup = 1A925D1319E83C8E00D1E39F /* Products */;
			projectDirPath = "";
			projectRoot = "";
			targets = (
				1A925D1119E83C8E00D1E39F /* SpaceSalad */,
				1A925D2A19E83C8E00D1E39F /* SpaceSaladTests */,
			);
		};
/* End PBXProject section */

/* Begin PBXResourcesBuildPhase section */
		1A925D1019E83C8E00D1E39F /* Resources */ = {
			isa = PBXResourcesBuildPhase;
			buildActionMask = 2147483647;
			files = (
				1A8DC6B219EC9A4800D6EC4B /* WelcomeScene.sks in Resources */,
				1A925D2619E83C8E00D1E39F /* LaunchScreen.xib in Resources */,
				1A925D2319E83C8E00D1E39F /* Images.xcassets in Resources */,
				1A925D1A19E83C8E00D1E39F /* GameScene.sks in Resources */,
				1A925D2119E83C8E00D1E39F /* Main.storyboard in Resources */,
			);
			runOnlyForDeploymentPostprocessing = 0;
		};
		1A925D2919E83C8E00D1E39F /* Resources */ = {
			isa = PBXResourcesBuildPhase;
			buildActionMask = 2147483647;
			files = (
			);
			runOnlyForDeploymentPostprocessing = 0;
		};
/* End PBXResourcesBuildPhase section */

/* Begin PBXSourcesBuildPhase section */
		1A925D0E19E83C8E00D1E39F /* Sources */ = {
			isa = PBXSourcesBuildPhase;
			buildActionMask = 2147483647;
			files = (
				1A925D1C19E83C8E00D1E39F /* GameScene.swift in Sources */,
				1A925D1E19E83C8E00D1E39F /* GameViewController.swift in Sources */,
				1A8DC6B419EC9F7800D6EC4B /* WelcomeScene.swift in Sources */,
				1A0D60A119E99A61009E05CB /* ResizableScene.swift in Sources */,
				1A925D1819E83C8E00D1E39F /* AppDelegate.swift in Sources */,
			);
			runOnlyForDeploymentPostprocessing = 0;
		};
		1A925D2719E83C8E00D1E39F /* Sources */ = {
			isa = PBXSourcesBuildPhase;
			buildActionMask = 2147483647;
			files = (
				1A925D3219E83C8E00D1E39F /* SpaceSaladTests.swift in Sources */,
			);
			runOnlyForDeploymentPostprocessing = 0;
		};
/* End PBXSourcesBuildPhase section */

/* Begin PBXTargetDependency section */
		1A925D2D19E83C8E00D1E39F /* PBXTargetDependency */ = {
			isa = PBXTargetDependency;
			target = 1A925D1119E83C8E00D1E39F /* SpaceSalad */;
			targetProxy = 1A925D2C19E83C8E00D1E39F /* PBXContainerItemProxy */;
		};
/* End PBXTargetDependency section */

/* Begin PBXVariantGroup section */
		1A925D1F19E83C8E00D1E39F /* Main.storyboard */ = {
			isa = PBXVariantGroup;
			children = (
				1A925D2019E83C8E00D1E39F /* Base */,
			);
			name = Main.storyboard;
			sourceTree = "<group>";
		};
		1A925D2419E83C8E00D1E39F /* LaunchScreen.xib */ = {
			isa = PBXVariantGroup;
			children = (
				1A925D2519E83C8E00D1E39F /* Base */,
			);
			name = LaunchScreen.xib;
			sourceTree = "<group>";
		};
/* End PBXVariantGroup section */

/* Begin XCBuildConfiguration section */
		1A925D3319E83C8E00D1E39F /* Debug */ = {
			isa = XCBuildConfiguration;
			buildSettings = {
				ALWAYS_SEARCH_USER_PATHS = NO;
				CLANG_CXX_LANGUAGE_STANDARD = "gnu++0x";
				CLANG_CXX_LIBRARY = "libc++";
				CLANG_ENABLE_MODULES = YES;
				CLANG_ENABLE_OBJC_ARC = YES;
				CLANG_WARN_BOOL_CONVERSION = YES;
				CLANG_WARN_CONSTANT_CONVERSION = YES;
				CLANG_WARN_DIRECT_OBJC_ISA_USAGE = YES_ERROR;
				CLANG_WARN_EMPTY_BODY = YES;
				CLANG_WARN_ENUM_CONVERSION = YES;
				CLANG_WARN_INT_CONVERSION = YES;
				CLANG_WARN_OBJC_ROOT_CLASS = YES_ERROR;
				CLANG_WARN_UNREACHABLE_CODE = YES;
				CLANG_WARN__DUPLICATE_METHOD_MATCH = YES;
				"CODE_SIGN_IDENTITY[sdk=iphoneos*]" = "iPhone Developer";
				COPY_PHASE_STRIP = NO;
				ENABLE_STRICT_OBJC_MSGSEND = YES;
				GCC_C_LANGUAGE_STANDARD = gnu99;
				GCC_DYNAMIC_NO_PIC = NO;
				GCC_OPTIMIZATION_LEVEL = 0;
				GCC_PREPROCESSOR_DEFINITIONS = (
					"DEBUG=1",
					"$(inherited)",
				);
				GCC_SYMBOLS_PRIVATE_EXTERN = NO;
				GCC_WARN_64_TO_32_BIT_CONVERSION = YES;
				GCC_WARN_ABOUT_RETURN_TYPE = YES_ERROR;
				GCC_WARN_UNDECLARED_SELECTOR = YES;
				GCC_WARN_UNINITIALIZED_AUTOS = YES_AGGRESSIVE;
				GCC_WARN_UNUSED_FUNCTION = YES;
				GCC_WARN_UNUSED_VARIABLE = YES;
				IPHONEOS_DEPLOYMENT_TARGET = 8.1;
				MTL_ENABLE_DEBUG_INFO = YES;
				ONLY_ACTIVE_ARCH = YES;
				SDKROOT = iphoneos;
				SWIFT_OPTIMIZATION_LEVEL = "-Onone";
				TARGETED_DEVICE_FAMILY = "1,2";
			};
			name = Debug;
		};
		1A925D3419E83C8E00D1E39F /* Release */ = {
			isa = XCBuildConfiguration;
			buildSettings = {
				ALWAYS_SEARCH_USER_PATHS = NO;
				CLANG_CXX_LANGUAGE_STANDARD = "gnu++0x";
				CLANG_CXX_LIBRARY = "libc++";
				CLANG_ENABLE_MODULES = YES;
				CLANG_ENABLE_OBJC_ARC = YES;
				CLANG_WARN_BOOL_CONVERSION = YES;
				CLANG_WARN_CONSTANT_CONVERSION = YES;
				CLANG_WARN_DIRECT_OBJC_ISA_USAGE = YES_ERROR;
				CLANG_WARN_EMPTY_BODY = YES;
				CLANG_WARN_ENUM_CONVERSION = YES;
				CLANG_WARN_INT_CONVERSION = YES;
				CLANG_WARN_OBJC_ROOT_CLASS = YES_ERROR;
				CLANG_WARN_UNREACHABLE_CODE = YES;
				CLANG_WARN__DUPLICATE_METHOD_MATCH = YES;
				"CODE_SIGN_IDENTITY[sdk=iphoneos*]" = "iPhone Developer";
				COPY_PHASE_STRIP = YES;
				ENABLE_NS_ASSERTIONS = NO;
				ENABLE_STRICT_OBJC_MSGSEND = YES;
				GCC_C_LANGUAGE_STANDARD = gnu99;
				GCC_WARN_64_TO_32_BIT_CONVERSION = YES;
				GCC_WARN_ABOUT_RETURN_TYPE = YES_ERROR;
				GCC_WARN_UNDECLARED_SELECTOR = YES;
				GCC_WARN_UNINITIALIZED_AUTOS = YES_AGGRESSIVE;
				GCC_WARN_UNUSED_FUNCTION = YES;
				GCC_WARN_UNUSED_VARIABLE = YES;
				IPHONEOS_DEPLOYMENT_TARGET = 8.1;
				MTL_ENABLE_DEBUG_INFO = NO;
				SDKROOT = iphoneos;
				TARGETED_DEVICE_FAMILY = "1,2";
				VALIDATE_PRODUCT = YES;
			};
			name = Release;
		};
		1A925D3619E83C8E00D1E39F /* Debug */ = {
			isa = XCBuildConfiguration;
			buildSettings = {
				ASSETCATALOG_COMPILER_APPICON_NAME = AppIcon;
				INFOPLIST_FILE = SpaceSalad/Info.plist;
				IPHONEOS_DEPLOYMENT_TARGET = 8.0;
				LD_RUNPATH_SEARCH_PATHS = "$(inherited) @executable_path/Frameworks";
				PRODUCT_NAME = "$(TARGET_NAME)";
			};
			name = Debug;
		};
		1A925D3719E83C8E00D1E39F /* Release */ = {
			isa = XCBuildConfiguration;
			buildSettings = {
				ASSETCATALOG_COMPILER_APPICON_NAME = AppIcon;
				INFOPLIST_FILE = SpaceSalad/Info.plist;
				IPHONEOS_DEPLOYMENT_TARGET = 8.0;
				LD_RUNPATH_SEARCH_PATHS = "$(inherited) @executable_path/Frameworks";
				PRODUCT_NAME = "$(TARGET_NAME)";
			};
			name = Release;
		};
		1A925D3919E83C8E00D1E39F /* Debug */ = {
			isa = XCBuildConfiguration;
			buildSettings = {
				BUNDLE_LOADER = "$(TEST_HOST)";
				FRAMEWORK_SEARCH_PATHS = (
					"$(SDKROOT)/Developer/Library/Frameworks",
					"$(inherited)",
				);
				GCC_PREPROCESSOR_DEFINITIONS = (
					"DEBUG=1",
					"$(inherited)",
				);
				INFOPLIST_FILE = SpaceSaladTests/Info.plist;
				LD_RUNPATH_SEARCH_PATHS = "$(inherited) @executable_path/Frameworks @loader_path/Frameworks";
				PRODUCT_NAME = "$(TARGET_NAME)";
				TEST_HOST = "$(BUILT_PRODUCTS_DIR)/SpaceSalad.app/SpaceSalad";
			};
			name = Debug;
		};
		1A925D3A19E83C8E00D1E39F /* Release */ = {
			isa = XCBuildConfiguration;
			buildSettings = {
				BUNDLE_LOADER = "$(TEST_HOST)";
				FRAMEWORK_SEARCH_PATHS = (
					"$(SDKROOT)/Developer/Library/Frameworks",
					"$(inherited)",
				);
				INFOPLIST_FILE = SpaceSaladTests/Info.plist;
				LD_RUNPATH_SEARCH_PATHS = "$(inherited) @executable_path/Frameworks @loader_path/Frameworks";
				PRODUCT_NAME = "$(TARGET_NAME)";
				TEST_HOST = "$(BUILT_PRODUCTS_DIR)/SpaceSalad.app/SpaceSalad";
			};
			name = Release;
		};
/* End XCBuildConfiguration section */

/* Begin XCConfigurationList section */
		1A925D0D19E83C8E00D1E39F /* Build configuration list for PBXProject "SpaceSalad" */ = {
			isa = XCConfigurationList;
			buildConfigurations = (
				1A925D3319E83C8E00D1E39F /* Debug */,
				1A925D3419E83C8E00D1E39F /* Release */,
			);
			defaultConfigurationIsVisible = 0;
			defaultConfigurationName = Release;
		};
		1A925D3519E83C8E00D1E39F /* Build configuration list for PBXNativeTarget "SpaceSalad" */ = {
			isa = XCConfigurationList;
			buildConfigurations = (
				1A925D3619E83C8E00D1E39F /* Debug */,
				1A925D3719E83C8E00D1E39F /* Release */,
			);
			defaultConfigurationIsVisible = 0;
			defaultConfigurationName = Release;
		};
		1A925D3819E83C8E00D1E39F /* Build configuration list for PBXNativeTarget "SpaceSaladTests" */ = {
			isa = XCConfigurationList;
			buildConfigurations = (
				1A925D3919E83C8E00D1E39F /* Debug */,
				1A925D3A19E83C8E00D1E39F /* Release */,
			);
			defaultConfigurationIsVisible = 0;
			defaultConfigurationName = Release;
		};
/* End XCConfigurationList section */
	};
	rootObject = 1A925D0A19E83C8E00D1E39F /* Project object */;
}
