// !$*UTF8*$!
{
	archiveVersion = 1;
	classes = {
	};
	objectVersion = 46;
	objects = {

/* Begin PBXBuildFile section */
		1A5040E7199444AF00DE6692 /* AppDelegate.swift in Sources */ = {isa = PBXBuildFile; fileRef = 1A5040E6199444AF00DE6692 /* AppDelegate.swift */; };
		1A5040E9199444AF00DE6692 /* MasterViewController.swift in Sources */ = {isa = PBXBuildFile; fileRef = 1A5040E8199444AF00DE6692 /* MasterViewController.swift */; };
		1A5040EB199444AF00DE6692 /* DetailViewController.swift in Sources */ = {isa = PBXBuildFile; fileRef = 1A5040EA199444AF00DE6692 /* DetailViewController.swift */; };
		1A5040EE199444AF00DE6692 /* Main.storyboard in Resources */ = {isa = PBXBuildFile; fileRef = 1A5040EC199444AF00DE6692 /* Main.storyboard */; };
		1A5040F0199444AF00DE6692 /* Images.xcassets in Resources */ = {isa = PBXBuildFile; fileRef = 1A5040EF199444AF00DE6692 /* Images.xcassets */; };
		1A5040FC199444AF00DE6692 /* MyStuffTests.swift in Sources */ = {isa = PBXBuildFile; fileRef = 1A5040FB199444AF00DE6692 /* MyStuffTests.swift */; };
		1A504106199445BB00DE6692 /* MyWhatsit.swift in Sources */ = {isa = PBXBuildFile; fileRef = 1A504105199445BB00DE6692 /* MyWhatsit.swift */; };
/* End PBXBuildFile section */

/* Begin PBXContainerItemProxy section */
		1A5040F6199444AF00DE6692 /* PBXContainerItemProxy */ = {
			isa = PBXContainerItemProxy;
			containerPortal = 1A5040D9199444AF00DE6692 /* Project object */;
			proxyType = 1;
			remoteGlobalIDString = 1A5040E0199444AF00DE6692;
			remoteInfo = MyStuff;
		};
/* End PBXContainerItemProxy section */

/* Begin PBXFileReference section */
		1A5040E1199444AF00DE6692 /* MyStuff.app */ = {isa = PBXFileReference; explicitFileType = wrapper.application; includeInIndex = 0; path = MyStuff.app; sourceTree = BUILT_PRODUCTS_DIR; };
		1A5040E5199444AF00DE6692 /* Info.plist */ = {isa = PBXFileReference; lastKnownFileType = text.plist.xml; path = Info.plist; sourceTree = "<group>"; };
		1A5040E6199444AF00DE6692 /* AppDelegate.swift */ = {isa = PBXFileReference; lastKnownFileType = sourcecode.swift; path = AppDelegate.swift; sourceTree = "<group>"; };
		1A5040E8199444AF00DE6692 /* MasterViewController.swift */ = {isa = PBXFileReference; lastKnownFileType = sourcecode.swift; path = MasterViewController.swift; sourceTree = "<group>"; };
		1A5040EA199444AF00DE6692 /* DetailViewController.swift */ = {isa = PBXFileReference; lastKnownFileType = sourcecode.swift; path = DetailViewController.swift; sourceTree = "<group>"; };
		1A5040ED199444AF00DE6692 /* Base */ = {isa = PBXFileReference; lastKnownFileType = file.storyboard; name = Base; path = Base.lproj/Main.storyboard; sourceTree = "<group>"; };
		1A5040EF199444AF00DE6692 /* Images.xcassets */ = {isa = PBXFileReference; lastKnownFileType = folder.assetcatalog; path = Images.xcassets; sourceTree = "<group>"; };
		1A5040F5199444AF00DE6692 /* MyStuffTests.xctest */ = {isa = PBXFileReference; explicitFileType = wrapper.cfbundle; includeInIndex = 0; path = MyStuffTests.xctest; sourceTree = BUILT_PRODUCTS_DIR; };
		1A5040FA199444AF00DE6692 /* Info.plist */ = {isa = PBXFileReference; lastKnownFileType = text.plist.xml; path = Info.plist; sourceTree = "<group>"; };
		1A5040FB199444AF00DE6692 /* MyStuffTests.swift */ = {isa = PBXFileReference; lastKnownFileType = sourcecode.swift; path = MyStuffTests.swift; sourceTree = "<group>"; };
		1A504105199445BB00DE6692 /* MyWhatsit.swift */ = {isa = PBXFileReference; fileEncoding = 4; lastKnownFileType = sourcecode.swift; path = MyWhatsit.swift; sourceTree = "<group>"; };
/* End PBXFileReference section */

/* Begin PBXFrameworksBuildPhase section */
		1A5040DE199444AF00DE6692 /* Frameworks */ = {
			isa = PBXFrameworksBuildPhase;
			buildActionMask = 2147483647;
			files = (
			);
			runOnlyForDeploymentPostprocessing = 0;
		};
		1A5040F2199444AF00DE6692 /* Frameworks */ = {
			isa = PBXFrameworksBuildPhase;
			buildActionMask = 2147483647;
			files = (
			);
			runOnlyForDeploymentPostprocessing = 0;
		};
/* End PBXFrameworksBuildPhase section */

/* Begin PBXGroup section */
		1A5040D8199444AF00DE6692 = {
			isa = PBXGroup;
			children = (
				1A5040E3199444AF00DE6692 /* MyStuff */,
				1A5040F8199444AF00DE6692 /* MyStuffTests */,
				1A5040E2199444AF00DE6692 /* Products */,
			);
			sourceTree = "<group>";
		};
		1A5040E2199444AF00DE6692 /* Products */ = {
			isa = PBXGroup;
			children = (
				1A5040E1199444AF00DE6692 /* MyStuff.app */,
				1A5040F5199444AF00DE6692 /* MyStuffTests.xctest */,
			);
			name = Products;
			sourceTree = "<group>";
		};
		1A5040E3199444AF00DE6692 /* MyStuff */ = {
			isa = PBXGroup;
			children = (
				1A5040E6199444AF00DE6692 /* AppDelegate.swift */,
				1A5040E8199444AF00DE6692 /* MasterViewController.swift */,
				1A5040EA199444AF00DE6692 /* DetailViewController.swift */,
				1A504105199445BB00DE6692 /* MyWhatsit.swift */,
				1A5040EC199444AF00DE6692 /* Main.storyboard */,
				1A5040EF199444AF00DE6692 /* Images.xcassets */,
				1A5040E4199444AF00DE6692 /* Supporting Files */,
			);
			path = MyStuff;
			sourceTree = "<group>";
		};
		1A5040E4199444AF00DE6692 /* Supporting Files */ = {
			isa = PBXGroup;
			children = (
				1A5040E5199444AF00DE6692 /* Info.plist */,
			);
			name = "Supporting Files";
			sourceTree = "<group>";
		};
		1A5040F8199444AF00DE6692 /* MyStuffTests */ = {
			isa = PBXGroup;
			children = (
				1A5040FB199444AF00DE6692 /* MyStuffTests.swift */,
				1A5040F9199444AF00DE6692 /* Supporting Files */,
			);
			path = MyStuffTests;
			sourceTree = "<group>";
		};
		1A5040F9199444AF00DE6692 /* Supporting Files */ = {
			isa = PBXGroup;
			children = (
				1A5040FA199444AF00DE6692 /* Info.plist */,
			);
			name = "Supporting Files";
			sourceTree = "<group>";
		};
/* End PBXGroup section */

/* Begin PBXNativeTarget section */
		1A5040E0199444AF00DE6692 /* MyStuff */ = {
			isa = PBXNativeTarget;
			buildConfigurationList = 1A5040FF199444AF00DE6692 /* Build configuration list for PBXNativeTarget "MyStuff" */;
			buildPhases = (
				1A5040DD199444AF00DE6692 /* Sources */,
				1A5040DE199444AF00DE6692 /* Frameworks */,
				1A5040DF199444AF00DE6692 /* Resources */,
			);
			buildRules = (
			);
			dependencies = (
			);
			name = MyStuff;
			productName = MyStuff;
			productReference = 1A5040E1199444AF00DE6692 /* MyStuff.app */;
			productType = "com.apple.product-type.application";
		};
		1A5040F4199444AF00DE6692 /* MyStuffTests */ = {
			isa = PBXNativeTarget;
			buildConfigurationList = 1A504102199444AF00DE6692 /* Build configuration list for PBXNativeTarget "MyStuffTests" */;
			buildPhases = (
				1A5040F1199444AF00DE6692 /* Sources */,
				1A5040F2199444AF00DE6692 /* Frameworks */,
				1A5040F3199444AF00DE6692 /* Resources */,
			);
			buildRules = (
			);
			dependencies = (
				1A5040F7199444AF00DE6692 /* PBXTargetDependency */,
			);
			name = MyStuffTests;
			productName = MyStuffTests;
			productReference = 1A5040F5199444AF00DE6692 /* MyStuffTests.xctest */;
			productType = "com.apple.product-type.bundle.unit-test";
		};
/* End PBXNativeTarget section */

/* Begin PBXProject section */
		1A5040D9199444AF00DE6692 /* Project object */ = {
			isa = PBXProject;
			attributes = {
				LastUpgradeCheck = 0600;
				ORGANIZATIONNAME = Apress;
				TargetAttributes = {
					1A5040E0199444AF00DE6692 = {
						CreatedOnToolsVersion = 6.0;
					};
					1A5040F4199444AF00DE6692 = {
						CreatedOnToolsVersion = 6.0;
						TestTargetID = 1A5040E0199444AF00DE6692;
					};
				};
			};
			buildConfigurationList = 1A5040DC199444AF00DE6692 /* Build configuration list for PBXProject "MyStuff" */;
			compatibilityVersion = "Xcode 3.2";
			developmentRegion = English;
			hasScannedForEncodings = 0;
			knownRegions = (
				en,
				Base,
			);
			mainGroup = 1A5040D8199444AF00DE6692;
			productRefGroup = 1A5040E2199444AF00DE6692 /* Products */;
			projectDirPath = "";
			projectRoot = "";
			targets = (
				1A5040E0199444AF00DE6692 /* MyStuff */,
				1A5040F4199444AF00DE6692 /* MyStuffTests */,
			);
		};
/* End PBXProject section */

/* Begin PBXResourcesBuildPhase section */
		1A5040DF199444AF00DE6692 /* Resources */ = {
			isa = PBXResourcesBuildPhase;
			buildActionMask = 2147483647;
			files = (
				1A5040EE199444AF00DE6692 /* Main.storyboard in Resources */,
				1A5040F0199444AF00DE6692 /* Images.xcassets in Resources */,
			);
			runOnlyForDeploymentPostprocessing = 0;
		};
		1A5040F3199444AF00DE6692 /* Resources */ = {
			isa = PBXResourcesBuildPhase;
			buildActionMask = 2147483647;
			files = (
			);
			runOnlyForDeploymentPostprocessing = 0;
		};
/* End PBXResourcesBuildPhase section */

/* Begin PBXSourcesBuildPhase section */
		1A5040DD199444AF00DE6692 /* Sources */ = {
			isa = PBXSourcesBuildPhase;
			buildActionMask = 2147483647;
			files = (
				1A504106199445BB00DE6692 /* MyWhatsit.swift in Sources */,
				1A5040EB199444AF00DE6692 /* DetailViewController.swift in Sources */,
				1A5040E9199444AF00DE6692 /* MasterViewController.swift in Sources */,
				1A5040E7199444AF00DE6692 /* AppDelegate.swift in Sources */,
			);
			runOnlyForDeploymentPostprocessing = 0;
		};
		1A5040F1199444AF00DE6692 /* Sources */ = {
			isa = PBXSourcesBuildPhase;
			buildActionMask = 2147483647;
			files = (
				1A5040FC199444AF00DE6692 /* MyStuffTests.swift in Sources */,
			);
			runOnlyForDeploymentPostprocessing = 0;
		};
/* End PBXSourcesBuildPhase section */

/* Begin PBXTargetDependency section */
		1A5040F7199444AF00DE6692 /* PBXTargetDependency */ = {
			isa = PBXTargetDependency;
			target = 1A5040E0199444AF00DE6692 /* MyStuff */;
			targetProxy = 1A5040F6199444AF00DE6692 /* PBXContainerItemProxy */;
		};
/* End PBXTargetDependency section */

/* Begin PBXVariantGroup section */
		1A5040EC199444AF00DE6692 /* Main.storyboard */ = {
			isa = PBXVariantGroup;
			children = (
				1A5040ED199444AF00DE6692 /* Base */,
			);
			name = Main.storyboard;
			sourceTree = "<group>";
		};
/* End PBXVariantGroup section */

/* Begin XCBuildConfiguration section */
		1A5040FD199444AF00DE6692 /* Debug */ = {
			isa = XCBuildConfiguration;
			buildSettings = {
				ALWAYS_SEARCH_USER_PATHS = NO;
				CLANG_CXX_LANGUAGE_STANDARD = "gnu++0x";
				CLANG_CXX_LIBRARY = "libc++";
				CLANG_ENABLE_MODULES = YES;
				CLANG_ENABLE_OBJC_ARC = YES;
				CLANG_WARN_BOOL_CONVERSION = YES;
				CLANG_WARN_CONSTANT_CONVERSION = YES;
				CLANG_WARN_DIRECT_OBJC_ISA_USAGE = YES_ERROR;
				CLANG_WARN_EMPTY_BODY = YES;
				CLANG_WARN_ENUM_CONVERSION = YES;
				CLANG_WARN_INT_CONVERSION = YES;
				CLANG_WARN_OBJC_ROOT_CLASS = YES_ERROR;
				CLANG_WARN_UNREACHABLE_CODE = YES;
				CLANG_WARN__DUPLICATE_METHOD_MATCH = YES;
				"CODE_SIGN_IDENTITY[sdk=iphoneos*]" = "iPhone Developer";
				COPY_PHASE_STRIP = NO;
				ENABLE_STRICT_OBJC_MSGSEND = YES;
				GCC_C_LANGUAGE_STANDARD = gnu99;
				GCC_DYNAMIC_NO_PIC = NO;
				GCC_OPTIMIZATION_LEVEL = 0;
				GCC_PREPROCESSOR_DEFINITIONS = (
					"DEBUG=1",
					"$(inherited)",
				);
				GCC_SYMBOLS_PRIVATE_EXTERN = NO;
				GCC_WARN_64_TO_32_BIT_CONVERSION = YES;
				GCC_WARN_ABOUT_RETURN_TYPE = YES_ERROR;
				GCC_WARN_UNDECLARED_SELECTOR = YES;
				GCC_WARN_UNINITIALIZED_AUTOS = YES_AGGRESSIVE;
				GCC_WARN_UNUSED_FUNCTION = YES;
				GCC_WARN_UNUSED_VARIABLE = YES;
				IPHONEOS_DEPLOYMENT_TARGET = 8.0;
				MTL_ENABLE_DEBUG_INFO = YES;
				ONLY_ACTIVE_ARCH = YES;
				SDKROOT = iphoneos;
				SWIFT_OPTIMIZATION_LEVEL = "-Onone";
				TARGETED_DEVICE_FAMILY = "1,2";
			};
			name = Debug;
		};
		1A5040FE199444AF00DE6692 /* Release */ = {
			isa = XCBuildConfiguration;
			buildSettings = {
				ALWAYS_SEARCH_USER_PATHS = NO;
				CLANG_CXX_LANGUAGE_STANDARD = "gnu++0x";
				CLANG_CXX_LIBRARY = "libc++";
				CLANG_ENABLE_MODULES = YES;
				CLANG_ENABLE_OBJC_ARC = YES;
				CLANG_WARN_BOOL_CONVERSION = YES;
				CLANG_WARN_CONSTANT_CONVERSION = YES;
				CLANG_WARN_DIRECT_OBJC_ISA_USAGE = YES_ERROR;
				CLANG_WARN_EMPTY_BODY = YES;
				CLANG_WARN_ENUM_CONVERSION = YES;
				CLANG_WARN_INT_CONVERSION = YES;
				CLANG_WARN_OBJC_ROOT_CLASS = YES_ERROR;
				CLANG_WARN_UNREACHABLE_CODE = YES;
				CLANG_WARN__DUPLICATE_METHOD_MATCH = YES;
				"CODE_SIGN_IDENTITY[sdk=iphoneos*]" = "iPhone Developer";
				COPY_PHASE_STRIP = YES;
				ENABLE_NS_ASSERTIONS = NO;
				ENABLE_STRICT_OBJC_MSGSEND = YES;
				GCC_C_LANGUAGE_STANDARD = gnu99;
				GCC_WARN_64_TO_32_BIT_CONVERSION = YES;
				GCC_WARN_ABOUT_RETURN_TYPE = YES_ERROR;
				GCC_WARN_UNDECLARED_SELECTOR = YES;
				GCC_WARN_UNINITIALIZED_AUTOS = YES_AGGRESSIVE;
				GCC_WARN_UNUSED_FUNCTION = YES;
				GCC_WARN_UNUSED_VARIABLE = YES;
				IPHONEOS_DEPLOYMENT_TARGET = 8.0;
				MTL_ENABLE_DEBUG_INFO = NO;
				SDKROOT = iphoneos;
				TARGETED_DEVICE_FAMILY = "1,2";
				VALIDATE_PRODUCT = YES;
			};
			name = Release;
		};
		1A504100199444AF00DE6692 /* Debug */ = {
			isa = XCBuildConfiguration;
			buildSettings = {
				ASSETCATALOG_COMPILER_APPICON_NAME = AppIcon;
				ASSETCATALOG_COMPILER_LAUNCHIMAGE_NAME = LaunchImage;
				INFOPLIST_FILE = MyStuff/Info.plist;
				LD_RUNPATH_SEARCH_PATHS = "$(inherited) @executable_path/Frameworks";
				PRODUCT_NAME = "$(TARGET_NAME)";
			};
			name = Debug;
		};
		1A504101199444AF00DE6692 /* Release */ = {
			isa = XCBuildConfiguration;
			buildSettings = {
				ASSETCATALOG_COMPILER_APPICON_NAME = AppIcon;
				ASSETCATALOG_COMPILER_LAUNCHIMAGE_NAME = LaunchImage;
				INFOPLIST_FILE = MyStuff/Info.plist;
				LD_RUNPATH_SEARCH_PATHS = "$(inherited) @executable_path/Frameworks";
				PRODUCT_NAME = "$(TARGET_NAME)";
			};
			name = Release;
		};
		1A504103199444AF00DE6692 /* Debug */ = {
			isa = XCBuildConfiguration;
			buildSettings = {
				BUNDLE_LOADER = "$(TEST_HOST)";
				FRAMEWORK_SEARCH_PATHS = (
					"$(SDKROOT)/Developer/Library/Frameworks",
					"$(inherited)",
				);
				GCC_PREPROCESSOR_DEFINITIONS = (
					"DEBUG=1",
					"$(inherited)",
				);
				INFOPLIST_FILE = MyStuffTests/Info.plist;
				LD_RUNPATH_SEARCH_PATHS = "$(inherited) @executable_path/Frameworks @loader_path/Frameworks";
				PRODUCT_NAME = "$(TARGET_NAME)";
				TEST_HOST = "$(BUILT_PRODUCTS_DIR)/MyStuff.app/MyStuff";
			};
			name = Debug;
		};
		1A504104199444AF00DE6692 /* Release */ = {
			isa = XCBuildConfiguration;
			buildSettings = {
				BUNDLE_LOADER = "$(TEST_HOST)";
				FRAMEWORK_SEARCH_PATHS = (
					"$(SDKROOT)/Developer/Library/Frameworks",
					"$(inherited)",
				);
				INFOPLIST_FILE = MyStuffTests/Info.plist;
				LD_RUNPATH_SEARCH_PATHS = "$(inherited) @executable_path/Frameworks @loader_path/Frameworks";
				PRODUCT_NAME = "$(TARGET_NAME)";
				TEST_HOST = "$(BUILT_PRODUCTS_DIR)/MyStuff.app/MyStuff";
			};
			name = Release;
		};
/* End XCBuildConfiguration section */

/* Begin XCConfigurationList section */
		1A5040DC199444AF00DE6692 /* Build configuration list for PBXProject "MyStuff" */ = {
			isa = XCConfigurationList;
			buildConfigurations = (
				1A5040FD199444AF00DE6692 /* Debug */,
				1A5040FE199444AF00DE6692 /* Release */,
			);
			defaultConfigurationIsVisible = 0;
			defaultConfigurationName = Release;
		};
		1A5040FF199444AF00DE6692 /* Build configuration list for PBXNativeTarget "MyStuff" */ = {
			isa = XCConfigurationList;
			buildConfigurations = (
				1A504100199444AF00DE6692 /* Debug */,
				1A504101199444AF00DE6692 /* Release */,
			);
			defaultConfigurationIsVisible = 0;
		};
		1A504102199444AF00DE6692 /* Build configuration list for PBXNativeTarget "MyStuffTests" */ = {
			isa = XCConfigurationList;
			buildConfigurations = (
				1A504103199444AF00DE6692 /* Debug */,
				1A504104199444AF00DE6692 /* Release */,
			);
			defaultConfigurationIsVisible = 0;
		};
/* End XCConfigurationList section */
	};
	rootObject = 1A5040D9199444AF00DE6692 /* Project object */;
}
